
Microsoft Visual Studio Solution File, Format Version 12.00
# Visual Studio 14
VisualStudioVersion = 14.0.25420.1
MinimumVisualStudioVersion = 10.0.40219.1
Project("{FAE04EC0-301F-11D3-BF4B-00C04F79EFBC}") = "MahApps.Metro.IconPacks.Browser", "MahApps.Metro.IconPacks.Browser\MahApps.Metro.IconPacks.Browser.csproj", "{A8095C2F-7874-4E91-9415-70756153659C}"
EndProject
Project("{FAE04EC0-301F-11D3-BF4B-00C04F79EFBC}") = "MahApps.Metro.IconPacks", "MahApps.Metro.IconPacks\MahApps.Metro.IconPacks.csproj", "{E55968FD-91B1-4ACE-B711-30724797A662}"
EndProject
Global
	GlobalSection(SolutionConfigurationPlatforms) = preSolution
		Debug|Any CPU = Debug|Any CPU
		Release_NET45|Any CPU = Release_NET45|Any CPU
		Release_NET46|Any CPU = Release_NET46|Any CPU
		Release|Any CPU = Release|Any CPU
	EndGlobalSection
	GlobalSection(ProjectConfigurationPlatforms) = postSolution
		{A8095C2F-7874-4E91-9415-70756153659C}.Debug|Any CPU.ActiveCfg = Debug|Any CPU
		{A8095C2F-7874-4E91-9415-70756153659C}.Debug|Any CPU.Build.0 = Debug|Any CPU
		{A8095C2F-7874-4E91-9415-70756153659C}.Release_NET45|Any CPU.ActiveCfg = Release|Any CPU
		{A8095C2F-7874-4E91-9415-70756153659C}.Release_NET45|Any CPU.Build.0 = Release|Any CPU
		{A8095C2F-7874-4E91-9415-70756153659C}.Release_NET46|Any CPU.ActiveCfg = Release|Any CPU
		{A8095C2F-7874-4E91-9415-70756153659C}.Release_NET46|Any CPU.Build.0 = Release|Any CPU
		{A8095C2F-7874-4E91-9415-70756153659C}.Release|Any CPU.ActiveCfg = Release|Any CPU
		{A8095C2F-7874-4E91-9415-70756153659C}.Release|Any CPU.Build.0 = Release|Any CPU
		{E55968FD-91B1-4ACE-B711-30724797A662}.Debug|Any CPU.ActiveCfg = Debug|Any CPU
		{E55968FD-91B1-4ACE-B711-30724797A662}.Debug|Any CPU.Build.0 = Debug|Any CPU
		{E55968FD-91B1-4ACE-B711-30724797A662}.Release_NET45|Any CPU.ActiveCfg = Release_NET45|Any CPU
		{E55968FD-91B1-4ACE-B711-30724797A662}.Release_NET45|Any CPU.Build.0 = Release_NET45|Any CPU
		{E55968FD-91B1-4ACE-B711-30724797A662}.Release_NET46|Any CPU.ActiveCfg = Release_NET46|Any CPU
		{E55968FD-91B1-4ACE-B711-30724797A662}.Release_NET46|Any CPU.Build.0 = Release_NET46|Any CPU
		{E55968FD-91B1-4ACE-B711-30724797A662}.Release|Any CPU.ActiveCfg = Release|Any CPU
		{E55968FD-91B1-4ACE-B711-30724797A662}.Release|Any CPU.Build.0 = Release|Any CPU
	EndGlobalSection
	GlobalSection(SolutionProperties) = preSolution
		HideSolutionNode = FALSE
	EndGlobalSection
EndGlobal
