
Microsoft Visual Studio Solution File, Format Version 12.00
# Visual Studio 14
VisualStudioVersion = 14.0.25420.1
MinimumVisualStudioVersion = 10.0.40219.1
Project("{FAE04EC0-301F-11D3-BF4B-00C04F79EFBC}") = "MahApps.Metro.IconPacks.Entypo", "MahApps.Metro.IconPacks.Entypo\MahApps.Metro.IconPacks.Entypo.csproj", "{BFC0E4FC-083F-41DC-9051-590C82C1FE52}"
EndProject
Project("{FAE04EC0-301F-11D3-BF4B-00C04F79EFBC}") = "MahApps.Metro.IconPacks.FontAwesome", "MahApps.Metro.IconPacks.FontAwesome\MahApps.Metro.IconPacks.FontAwesome.csproj", "{35E0E114-8336-4FFA-BB16-E376331DCA44}"
EndProject
Project("{FAE04EC0-301F-11D3-BF4B-00C04F79EFBC}") = "MahApps.Metro.IconPacks.Material", "MahApps.Metro.IconPacks.Material\MahApps.Metro.IconPacks.Material.csproj", "{0B9B153E-AF8C-4764-9475-4FFFFD616D18}"
EndProject
Project("{FAE04EC0-301F-11D3-BF4B-00C04F79EFBC}") = "MahApps.Metro.IconPacks.Modern", "MahApps.Metro.IconPacks.Modern\MahApps.Metro.IconPacks.Modern.csproj", "{E79D663B-B4ED-4936-9489-512220CFB831}"
EndProject
Project("{FAE04EC0-301F-11D3-BF4B-00C04F79EFBC}") = "MahApps.Metro.IconPacks", "MahApps.Metro.IconPacks\MahApps.Metro.IconPacks.csproj", "{E55968FD-91B1-4ACE-B711-30724797A662}"
EndProject
Project("{FAE04EC0-301F-11D3-BF4B-00C04F79EFBC}") = "MahApps.Metro.IconPacks.Octicons", "MahApps.Metro.IconPacks.Octicons\MahApps.Metro.IconPacks.Octicons.csproj", "{236D572B-BE98-4A0E-B5BF-DDA200AC4D7F}"
EndProject
Project("{FAE04EC0-301F-11D3-BF4B-00C04F79EFBC}") = "MahApps.Metro.IconPacks.UWP", "MahApps.Metro.IconPacks.UWP\MahApps.Metro.IconPacks.UWP.csproj", "{3037BA79-20D6-4E6F-98BF-6DE237F968C9}"
EndProject
Project("{2150E333-8FDC-42A3-9474-1A3956D46DE8}") = "UWP", "UWP", "{9D0B6086-4396-4709-A6E3-02A3EF89471B}"
EndProject
Project("{FAE04EC0-301F-11D3-BF4B-00C04F79EFBC}") = "MahApps.Metro.IconPacks.UWP.Entypo", "MahApps.Metro.IconPacks.UWP.Entypo\MahApps.Metro.IconPacks.UWP.Entypo.csproj", "{53816221-DCD4-4398-A7F9-2B9CE5335426}"
EndProject
Project("{FAE04EC0-301F-11D3-BF4B-00C04F79EFBC}") = "MahApps.Metro.IconPacks.UWP.FontAwesome", "MahApps.Metro.IconPacks.UWP.FontAwesome\MahApps.Metro.IconPacks.UWP.FontAwesome.csproj", "{1E624010-73DC-4556-82C3-715ACF9055DD}"
EndProject
Project("{FAE04EC0-301F-11D3-BF4B-00C04F79EFBC}") = "MahApps.Metro.IconPacks.UWP.Material", "MahApps.Metro.IconPacks.UWP.Material\MahApps.Metro.IconPacks.UWP.Material.csproj", "{DA74EE5A-51D4-4F91-84FB-EA31311DE160}"
EndProject
Project("{FAE04EC0-301F-11D3-BF4B-00C04F79EFBC}") = "MahApps.Metro.IconPacks.UWP.Modern", "MahApps.Metro.IconPacks.UWP.Modern\MahApps.Metro.IconPacks.UWP.Modern.csproj", "{7D140FA5-7E0E-497A-A26C-E0A2BF0B1878}"
EndProject
Project("{FAE04EC0-301F-11D3-BF4B-00C04F79EFBC}") = "MahApps.Metro.IconPacks.UWP.Octicons", "MahApps.Metro.IconPacks.UWP.Octicons\MahApps.Metro.IconPacks.UWP.Octicons.csproj", "{3D7AC4F4-132D-40F5-BEC7-D36962856B41}"
EndProject
Project("{FAE04EC0-301F-11D3-BF4B-00C04F79EFBC}") = "MahApps.Metro.IconPacks.UWP.Core", "MahApps.Metro.IconPacks.UWP.Core\MahApps.Metro.IconPacks.UWP.Core.csproj", "{A6065DE5-EA2E-43B9-ABDF-00ADA6BD2017}"
EndProject
Project("{FAE04EC0-301F-11D3-BF4B-00C04F79EFBC}") = "MahApps.Metro.IconPacks.UWP.MaterialLight", "MahApps.Metro.IconPacks.UWP.MaterialLight\MahApps.Metro.IconPacks.UWP.MaterialLight.csproj", "{2B2248B3-9065-42D5-88EB-F7CC16B6716F}"
EndProject
Project("{FAE04EC0-301F-11D3-BF4B-00C04F79EFBC}") = "MahApps.Metro.IconPacks.MaterialLight", "MahApps.Metro.IconPacks.MaterialLight\MahApps.Metro.IconPacks.MaterialLight.csproj", "{7E93749C-2211-42BD-A0D8-BF1A748B5F4D}"
EndProject
Project("{FAE04EC0-301F-11D3-BF4B-00C04F79EFBC}") = "MahApps.Metro.IconPacks.SimpleIcons", "MahApps.Metro.IconPacks.SimpleIcons\MahApps.Metro.IconPacks.SimpleIcons.csproj", "{85E73E30-B880-4127-A770-E8F0DE6744CE}"
EndProject
Project("{FAE04EC0-301F-11D3-BF4B-00C04F79EFBC}") = "MahApps.Metro.IconPacks.UWP.SimpleIcons", "MahApps.Metro.IconPacks.UWP.SimpleIcons\MahApps.Metro.IconPacks.UWP.SimpleIcons.csproj", "{B01C85C8-7C88-4999-9148-7D5A28D02E97}"
EndProject
Global
	GlobalSection(SolutionConfigurationPlatforms) = preSolution
		Debug|Any CPU = Debug|Any CPU
		Debug|ARM = Debug|ARM
		Debug|x64 = Debug|x64
		Debug|x86 = Debug|x86
		Release_NET45|Any CPU = Release_NET45|Any CPU
		Release_NET45|ARM = Release_NET45|ARM
		Release_NET45|x64 = Release_NET45|x64
		Release_NET45|x86 = Release_NET45|x86
		Release_NET46|Any CPU = Release_NET46|Any CPU
		Release_NET46|ARM = Release_NET46|ARM
		Release_NET46|x64 = Release_NET46|x64
		Release_NET46|x86 = Release_NET46|x86
		Release|Any CPU = Release|Any CPU
		Release|ARM = Release|ARM
		Release|x64 = Release|x64
		Release|x86 = Release|x86
	EndGlobalSection
	GlobalSection(ProjectConfigurationPlatforms) = postSolution
		{BFC0E4FC-083F-41DC-9051-590C82C1FE52}.Debug|Any CPU.ActiveCfg = Debug|Any CPU
		{BFC0E4FC-083F-41DC-9051-590C82C1FE52}.Debug|Any CPU.Build.0 = Debug|Any CPU
		{BFC0E4FC-083F-41DC-9051-590C82C1FE52}.Debug|ARM.ActiveCfg = Debug|Any CPU
		{BFC0E4FC-083F-41DC-9051-590C82C1FE52}.Debug|ARM.Build.0 = Debug|Any CPU
		{BFC0E4FC-083F-41DC-9051-590C82C1FE52}.Debug|x64.ActiveCfg = Debug|Any CPU
		{BFC0E4FC-083F-41DC-9051-590C82C1FE52}.Debug|x64.Build.0 = Debug|Any CPU
		{BFC0E4FC-083F-41DC-9051-590C82C1FE52}.Debug|x86.ActiveCfg = Debug|Any CPU
		{BFC0E4FC-083F-41DC-9051-590C82C1FE52}.Debug|x86.Build.0 = Debug|Any CPU
		{BFC0E4FC-083F-41DC-9051-590C82C1FE52}.Release_NET45|Any CPU.ActiveCfg = Release_NET45|Any CPU
		{BFC0E4FC-083F-41DC-9051-590C82C1FE52}.Release_NET45|Any CPU.Build.0 = Release_NET45|Any CPU
		{BFC0E4FC-083F-41DC-9051-590C82C1FE52}.Release_NET45|ARM.ActiveCfg = Release_NET45|Any CPU
		{BFC0E4FC-083F-41DC-9051-590C82C1FE52}.Release_NET45|ARM.Build.0 = Release_NET45|Any CPU
		{BFC0E4FC-083F-41DC-9051-590C82C1FE52}.Release_NET45|x64.ActiveCfg = Release_NET45|Any CPU
		{BFC0E4FC-083F-41DC-9051-590C82C1FE52}.Release_NET45|x64.Build.0 = Release_NET45|Any CPU
		{BFC0E4FC-083F-41DC-9051-590C82C1FE52}.Release_NET45|x86.ActiveCfg = Release_NET45|Any CPU
		{BFC0E4FC-083F-41DC-9051-590C82C1FE52}.Release_NET45|x86.Build.0 = Release_NET45|Any CPU
		{BFC0E4FC-083F-41DC-9051-590C82C1FE52}.Release_NET46|Any CPU.ActiveCfg = Release_NET46|Any CPU
		{BFC0E4FC-083F-41DC-9051-590C82C1FE52}.Release_NET46|Any CPU.Build.0 = Release_NET46|Any CPU
		{BFC0E4FC-083F-41DC-9051-590C82C1FE52}.Release_NET46|ARM.ActiveCfg = Release_NET46|Any CPU
		{BFC0E4FC-083F-41DC-9051-590C82C1FE52}.Release_NET46|ARM.Build.0 = Release_NET46|Any CPU
		{BFC0E4FC-083F-41DC-9051-590C82C1FE52}.Release_NET46|x64.ActiveCfg = Release_NET46|Any CPU
		{BFC0E4FC-083F-41DC-9051-590C82C1FE52}.Release_NET46|x64.Build.0 = Release_NET46|Any CPU
		{BFC0E4FC-083F-41DC-9051-590C82C1FE52}.Release_NET46|x86.ActiveCfg = Release_NET46|Any CPU
		{BFC0E4FC-083F-41DC-9051-590C82C1FE52}.Release_NET46|x86.Build.0 = Release_NET46|Any CPU
		{BFC0E4FC-083F-41DC-9051-590C82C1FE52}.Release|Any CPU.ActiveCfg = Release|Any CPU
		{BFC0E4FC-083F-41DC-9051-590C82C1FE52}.Release|Any CPU.Build.0 = Release|Any CPU
		{BFC0E4FC-083F-41DC-9051-590C82C1FE52}.Release|ARM.ActiveCfg = Release|Any CPU
		{BFC0E4FC-083F-41DC-9051-590C82C1FE52}.Release|ARM.Build.0 = Release|Any CPU
		{BFC0E4FC-083F-41DC-9051-590C82C1FE52}.Release|x64.ActiveCfg = Release|Any CPU
		{BFC0E4FC-083F-41DC-9051-590C82C1FE52}.Release|x64.Build.0 = Release|Any CPU
		{BFC0E4FC-083F-41DC-9051-590C82C1FE52}.Release|x86.ActiveCfg = Release|Any CPU
		{BFC0E4FC-083F-41DC-9051-590C82C1FE52}.Release|x86.Build.0 = Release|Any CPU
		{35E0E114-8336-4FFA-BB16-E376331DCA44}.Debug|Any CPU.ActiveCfg = Debug|Any CPU
		{35E0E114-8336-4FFA-BB16-E376331DCA44}.Debug|Any CPU.Build.0 = Debug|Any CPU
		{35E0E114-8336-4FFA-BB16-E376331DCA44}.Debug|ARM.ActiveCfg = Debug|Any CPU
		{35E0E114-8336-4FFA-BB16-E376331DCA44}.Debug|ARM.Build.0 = Debug|Any CPU
		{35E0E114-8336-4FFA-BB16-E376331DCA44}.Debug|x64.ActiveCfg = Debug|Any CPU
		{35E0E114-8336-4FFA-BB16-E376331DCA44}.Debug|x64.Build.0 = Debug|Any CPU
		{35E0E114-8336-4FFA-BB16-E376331DCA44}.Debug|x86.ActiveCfg = Debug|Any CPU
		{35E0E114-8336-4FFA-BB16-E376331DCA44}.Debug|x86.Build.0 = Debug|Any CPU
		{35E0E114-8336-4FFA-BB16-E376331DCA44}.Release_NET45|Any CPU.ActiveCfg = Release_NET45|Any CPU
		{35E0E114-8336-4FFA-BB16-E376331DCA44}.Release_NET45|Any CPU.Build.0 = Release_NET45|Any CPU
		{35E0E114-8336-4FFA-BB16-E376331DCA44}.Release_NET45|ARM.ActiveCfg = Release_NET45|Any CPU
		{35E0E114-8336-4FFA-BB16-E376331DCA44}.Release_NET45|ARM.Build.0 = Release_NET45|Any CPU
		{35E0E114-8336-4FFA-BB16-E376331DCA44}.Release_NET45|x64.ActiveCfg = Release_NET45|Any CPU
		{35E0E114-8336-4FFA-BB16-E376331DCA44}.Release_NET45|x64.Build.0 = Release_NET45|Any CPU
		{35E0E114-8336-4FFA-BB16-E376331DCA44}.Release_NET45|x86.ActiveCfg = Release_NET45|Any CPU
		{35E0E114-8336-4FFA-BB16-E376331DCA44}.Release_NET45|x86.Build.0 = Release_NET45|Any CPU
		{35E0E114-8336-4FFA-BB16-E376331DCA44}.Release_NET46|Any CPU.ActiveCfg = Release_NET46|Any CPU
		{35E0E114-8336-4FFA-BB16-E376331DCA44}.Release_NET46|Any CPU.Build.0 = Release_NET46|Any CPU
		{35E0E114-8336-4FFA-BB16-E376331DCA44}.Release_NET46|ARM.ActiveCfg = Release_NET46|Any CPU
		{35E0E114-8336-4FFA-BB16-E376331DCA44}.Release_NET46|ARM.Build.0 = Release_NET46|Any CPU
		{35E0E114-8336-4FFA-BB16-E376331DCA44}.Release_NET46|x64.ActiveCfg = Release_NET46|Any CPU
		{35E0E114-8336-4FFA-BB16-E376331DCA44}.Release_NET46|x64.Build.0 = Release_NET46|Any CPU
		{35E0E114-8336-4FFA-BB16-E376331DCA44}.Release_NET46|x86.ActiveCfg = Release_NET46|Any CPU
		{35E0E114-8336-4FFA-BB16-E376331DCA44}.Release_NET46|x86.Build.0 = Release_NET46|Any CPU
		{35E0E114-8336-4FFA-BB16-E376331DCA44}.Release|Any CPU.ActiveCfg = Release|Any CPU
		{35E0E114-8336-4FFA-BB16-E376331DCA44}.Release|Any CPU.Build.0 = Release|Any CPU
		{35E0E114-8336-4FFA-BB16-E376331DCA44}.Release|ARM.ActiveCfg = Release|Any CPU
		{35E0E114-8336-4FFA-BB16-E376331DCA44}.Release|ARM.Build.0 = Release|Any CPU
		{35E0E114-8336-4FFA-BB16-E376331DCA44}.Release|x64.ActiveCfg = Release|Any CPU
		{35E0E114-8336-4FFA-BB16-E376331DCA44}.Release|x64.Build.0 = Release|Any CPU
		{35E0E114-8336-4FFA-BB16-E376331DCA44}.Release|x86.ActiveCfg = Release|Any CPU
		{35E0E114-8336-4FFA-BB16-E376331DCA44}.Release|x86.Build.0 = Release|Any CPU
		{0B9B153E-AF8C-4764-9475-4FFFFD616D18}.Debug|Any CPU.ActiveCfg = Debug|Any CPU
		{0B9B153E-AF8C-4764-9475-4FFFFD616D18}.Debug|Any CPU.Build.0 = Debug|Any CPU
		{0B9B153E-AF8C-4764-9475-4FFFFD616D18}.Debug|ARM.ActiveCfg = Debug|Any CPU
		{0B9B153E-AF8C-4764-9475-4FFFFD616D18}.Debug|ARM.Build.0 = Debug|Any CPU
		{0B9B153E-AF8C-4764-9475-4FFFFD616D18}.Debug|x64.ActiveCfg = Debug|Any CPU
		{0B9B153E-AF8C-4764-9475-4FFFFD616D18}.Debug|x64.Build.0 = Debug|Any CPU
		{0B9B153E-AF8C-4764-9475-4FFFFD616D18}.Debug|x86.ActiveCfg = Debug|Any CPU
		{0B9B153E-AF8C-4764-9475-4FFFFD616D18}.Debug|x86.Build.0 = Debug|Any CPU
		{0B9B153E-AF8C-4764-9475-4FFFFD616D18}.Release_NET45|Any CPU.ActiveCfg = Release_NET45|Any CPU
		{0B9B153E-AF8C-4764-9475-4FFFFD616D18}.Release_NET45|Any CPU.Build.0 = Release_NET45|Any CPU
		{0B9B153E-AF8C-4764-9475-4FFFFD616D18}.Release_NET45|ARM.ActiveCfg = Release_NET45|Any CPU
		{0B9B153E-AF8C-4764-9475-4FFFFD616D18}.Release_NET45|ARM.Build.0 = Release_NET45|Any CPU
		{0B9B153E-AF8C-4764-9475-4FFFFD616D18}.Release_NET45|x64.ActiveCfg = Release_NET45|Any CPU
		{0B9B153E-AF8C-4764-9475-4FFFFD616D18}.Release_NET45|x64.Build.0 = Release_NET45|Any CPU
		{0B9B153E-AF8C-4764-9475-4FFFFD616D18}.Release_NET45|x86.ActiveCfg = Release_NET45|Any CPU
		{0B9B153E-AF8C-4764-9475-4FFFFD616D18}.Release_NET45|x86.Build.0 = Release_NET45|Any CPU
		{0B9B153E-AF8C-4764-9475-4FFFFD616D18}.Release_NET46|Any CPU.ActiveCfg = Release_NET46|Any CPU
		{0B9B153E-AF8C-4764-9475-4FFFFD616D18}.Release_NET46|Any CPU.Build.0 = Release_NET46|Any CPU
		{0B9B153E-AF8C-4764-9475-4FFFFD616D18}.Release_NET46|ARM.ActiveCfg = Release_NET46|Any CPU
		{0B9B153E-AF8C-4764-9475-4FFFFD616D18}.Release_NET46|ARM.Build.0 = Release_NET46|Any CPU
		{0B9B153E-AF8C-4764-9475-4FFFFD616D18}.Release_NET46|x64.ActiveCfg = Release_NET46|Any CPU
		{0B9B153E-AF8C-4764-9475-4FFFFD616D18}.Release_NET46|x64.Build.0 = Release_NET46|Any CPU
		{0B9B153E-AF8C-4764-9475-4FFFFD616D18}.Release_NET46|x86.ActiveCfg = Release_NET46|Any CPU
		{0B9B153E-AF8C-4764-9475-4FFFFD616D18}.Release_NET46|x86.Build.0 = Release_NET46|Any CPU
		{0B9B153E-AF8C-4764-9475-4FFFFD616D18}.Release|Any CPU.ActiveCfg = Release|Any CPU
		{0B9B153E-AF8C-4764-9475-4FFFFD616D18}.Release|Any CPU.Build.0 = Release|Any CPU
		{0B9B153E-AF8C-4764-9475-4FFFFD616D18}.Release|ARM.ActiveCfg = Release|Any CPU
		{0B9B153E-AF8C-4764-9475-4FFFFD616D18}.Release|ARM.Build.0 = Release|Any CPU
		{0B9B153E-AF8C-4764-9475-4FFFFD616D18}.Release|x64.ActiveCfg = Release|Any CPU
		{0B9B153E-AF8C-4764-9475-4FFFFD616D18}.Release|x64.Build.0 = Release|Any CPU
		{0B9B153E-AF8C-4764-9475-4FFFFD616D18}.Release|x86.ActiveCfg = Release|Any CPU
		{0B9B153E-AF8C-4764-9475-4FFFFD616D18}.Release|x86.Build.0 = Release|Any CPU
		{E79D663B-B4ED-4936-9489-512220CFB831}.Debug|Any CPU.ActiveCfg = Debug|Any CPU
		{E79D663B-B4ED-4936-9489-512220CFB831}.Debug|Any CPU.Build.0 = Debug|Any CPU
		{E79D663B-B4ED-4936-9489-512220CFB831}.Debug|ARM.ActiveCfg = Debug|Any CPU
		{E79D663B-B4ED-4936-9489-512220CFB831}.Debug|ARM.Build.0 = Debug|Any CPU
		{E79D663B-B4ED-4936-9489-512220CFB831}.Debug|x64.ActiveCfg = Debug|Any CPU
		{E79D663B-B4ED-4936-9489-512220CFB831}.Debug|x64.Build.0 = Debug|Any CPU
		{E79D663B-B4ED-4936-9489-512220CFB831}.Debug|x86.ActiveCfg = Debug|Any CPU
		{E79D663B-B4ED-4936-9489-512220CFB831}.Debug|x86.Build.0 = Debug|Any CPU
		{E79D663B-B4ED-4936-9489-512220CFB831}.Release_NET45|Any CPU.ActiveCfg = Release_NET45|Any CPU
		{E79D663B-B4ED-4936-9489-512220CFB831}.Release_NET45|Any CPU.Build.0 = Release_NET45|Any CPU
		{E79D663B-B4ED-4936-9489-512220CFB831}.Release_NET45|ARM.ActiveCfg = Release_NET45|Any CPU
		{E79D663B-B4ED-4936-9489-512220CFB831}.Release_NET45|ARM.Build.0 = Release_NET45|Any CPU
		{E79D663B-B4ED-4936-9489-512220CFB831}.Release_NET45|x64.ActiveCfg = Release_NET45|Any CPU
		{E79D663B-B4ED-4936-9489-512220CFB831}.Release_NET45|x64.Build.0 = Release_NET45|Any CPU
		{E79D663B-B4ED-4936-9489-512220CFB831}.Release_NET45|x86.ActiveCfg = Release_NET45|Any CPU
		{E79D663B-B4ED-4936-9489-512220CFB831}.Release_NET45|x86.Build.0 = Release_NET45|Any CPU
		{E79D663B-B4ED-4936-9489-512220CFB831}.Release_NET46|Any CPU.ActiveCfg = Release_NET46|Any CPU
		{E79D663B-B4ED-4936-9489-512220CFB831}.Release_NET46|Any CPU.Build.0 = Release_NET46|Any CPU
		{E79D663B-B4ED-4936-9489-512220CFB831}.Release_NET46|ARM.ActiveCfg = Release_NET46|Any CPU
		{E79D663B-B4ED-4936-9489-512220CFB831}.Release_NET46|ARM.Build.0 = Release_NET46|Any CPU
		{E79D663B-B4ED-4936-9489-512220CFB831}.Release_NET46|x64.ActiveCfg = Release_NET46|Any CPU
		{E79D663B-B4ED-4936-9489-512220CFB831}.Release_NET46|x64.Build.0 = Release_NET46|Any CPU
		{E79D663B-B4ED-4936-9489-512220CFB831}.Release_NET46|x86.ActiveCfg = Release_NET46|Any CPU
		{E79D663B-B4ED-4936-9489-512220CFB831}.Release_NET46|x86.Build.0 = Release_NET46|Any CPU
		{E79D663B-B4ED-4936-9489-512220CFB831}.Release|Any CPU.ActiveCfg = Release|Any CPU
		{E79D663B-B4ED-4936-9489-512220CFB831}.Release|Any CPU.Build.0 = Release|Any CPU
		{E79D663B-B4ED-4936-9489-512220CFB831}.Release|ARM.ActiveCfg = Release|Any CPU
		{E79D663B-B4ED-4936-9489-512220CFB831}.Release|ARM.Build.0 = Release|Any CPU
		{E79D663B-B4ED-4936-9489-512220CFB831}.Release|x64.ActiveCfg = Release|Any CPU
		{E79D663B-B4ED-4936-9489-512220CFB831}.Release|x64.Build.0 = Release|Any CPU
		{E79D663B-B4ED-4936-9489-512220CFB831}.Release|x86.ActiveCfg = Release|Any CPU
		{E79D663B-B4ED-4936-9489-512220CFB831}.Release|x86.Build.0 = Release|Any CPU
		{E55968FD-91B1-4ACE-B711-30724797A662}.Debug|Any CPU.ActiveCfg = Debug|Any CPU
		{E55968FD-91B1-4ACE-B711-30724797A662}.Debug|Any CPU.Build.0 = Debug|Any CPU
		{E55968FD-91B1-4ACE-B711-30724797A662}.Debug|ARM.ActiveCfg = Debug|Any CPU
		{E55968FD-91B1-4ACE-B711-30724797A662}.Debug|ARM.Build.0 = Debug|Any CPU
		{E55968FD-91B1-4ACE-B711-30724797A662}.Debug|x64.ActiveCfg = Debug|Any CPU
		{E55968FD-91B1-4ACE-B711-30724797A662}.Debug|x64.Build.0 = Debug|Any CPU
		{E55968FD-91B1-4ACE-B711-30724797A662}.Debug|x86.ActiveCfg = Debug|Any CPU
		{E55968FD-91B1-4ACE-B711-30724797A662}.Debug|x86.Build.0 = Debug|Any CPU
		{E55968FD-91B1-4ACE-B711-30724797A662}.Release_NET45|Any CPU.ActiveCfg = Release_NET45|Any CPU
		{E55968FD-91B1-4ACE-B711-30724797A662}.Release_NET45|Any CPU.Build.0 = Release_NET45|Any CPU
		{E55968FD-91B1-4ACE-B711-30724797A662}.Release_NET45|ARM.ActiveCfg = Release_NET45|Any CPU
		{E55968FD-91B1-4ACE-B711-30724797A662}.Release_NET45|ARM.Build.0 = Release_NET45|Any CPU
		{E55968FD-91B1-4ACE-B711-30724797A662}.Release_NET45|x64.ActiveCfg = Release_NET45|Any CPU
		{E55968FD-91B1-4ACE-B711-30724797A662}.Release_NET45|x64.Build.0 = Release_NET45|Any CPU
		{E55968FD-91B1-4ACE-B711-30724797A662}.Release_NET45|x86.ActiveCfg = Release_NET45|Any CPU
		{E55968FD-91B1-4ACE-B711-30724797A662}.Release_NET45|x86.Build.0 = Release_NET45|Any CPU
		{E55968FD-91B1-4ACE-B711-30724797A662}.Release_NET46|Any CPU.ActiveCfg = Release_NET46|Any CPU
		{E55968FD-91B1-4ACE-B711-30724797A662}.Release_NET46|Any CPU.Build.0 = Release_NET46|Any CPU
		{E55968FD-91B1-4ACE-B711-30724797A662}.Release_NET46|ARM.ActiveCfg = Release_NET46|Any CPU
		{E55968FD-91B1-4ACE-B711-30724797A662}.Release_NET46|ARM.Build.0 = Release_NET46|Any CPU
		{E55968FD-91B1-4ACE-B711-30724797A662}.Release_NET46|x64.ActiveCfg = Release_NET46|Any CPU
		{E55968FD-91B1-4ACE-B711-30724797A662}.Release_NET46|x64.Build.0 = Release_NET46|Any CPU
		{E55968FD-91B1-4ACE-B711-30724797A662}.Release_NET46|x86.ActiveCfg = Release_NET46|Any CPU
		{E55968FD-91B1-4ACE-B711-30724797A662}.Release_NET46|x86.Build.0 = Release_NET46|Any CPU
		{E55968FD-91B1-4ACE-B711-30724797A662}.Release|Any CPU.ActiveCfg = Release|Any CPU
		{E55968FD-91B1-4ACE-B711-30724797A662}.Release|Any CPU.Build.0 = Release|Any CPU
		{E55968FD-91B1-4ACE-B711-30724797A662}.Release|ARM.ActiveCfg = Release|Any CPU
		{E55968FD-91B1-4ACE-B711-30724797A662}.Release|ARM.Build.0 = Release|Any CPU
		{E55968FD-91B1-4ACE-B711-30724797A662}.Release|x64.ActiveCfg = Release|Any CPU
		{E55968FD-91B1-4ACE-B711-30724797A662}.Release|x64.Build.0 = Release|Any CPU
		{E55968FD-91B1-4ACE-B711-30724797A662}.Release|x86.ActiveCfg = Release|Any CPU
		{E55968FD-91B1-4ACE-B711-30724797A662}.Release|x86.Build.0 = Release|Any CPU
		{236D572B-BE98-4A0E-B5BF-DDA200AC4D7F}.Debug|Any CPU.ActiveCfg = Debug|Any CPU
		{236D572B-BE98-4A0E-B5BF-DDA200AC4D7F}.Debug|Any CPU.Build.0 = Debug|Any CPU
		{236D572B-BE98-4A0E-B5BF-DDA200AC4D7F}.Debug|ARM.ActiveCfg = Debug|Any CPU
		{236D572B-BE98-4A0E-B5BF-DDA200AC4D7F}.Debug|ARM.Build.0 = Debug|Any CPU
		{236D572B-BE98-4A0E-B5BF-DDA200AC4D7F}.Debug|x64.ActiveCfg = Debug|Any CPU
		{236D572B-BE98-4A0E-B5BF-DDA200AC4D7F}.Debug|x64.Build.0 = Debug|Any CPU
		{236D572B-BE98-4A0E-B5BF-DDA200AC4D7F}.Debug|x86.ActiveCfg = Debug|Any CPU
		{236D572B-BE98-4A0E-B5BF-DDA200AC4D7F}.Debug|x86.Build.0 = Debug|Any CPU
		{236D572B-BE98-4A0E-B5BF-DDA200AC4D7F}.Release_NET45|Any CPU.ActiveCfg = Release_NET45|Any CPU
		{236D572B-BE98-4A0E-B5BF-DDA200AC4D7F}.Release_NET45|Any CPU.Build.0 = Release_NET45|Any CPU
		{236D572B-BE98-4A0E-B5BF-DDA200AC4D7F}.Release_NET45|ARM.ActiveCfg = Release_NET45|Any CPU
		{236D572B-BE98-4A0E-B5BF-DDA200AC4D7F}.Release_NET45|ARM.Build.0 = Release_NET45|Any CPU
		{236D572B-BE98-4A0E-B5BF-DDA200AC4D7F}.Release_NET45|x64.ActiveCfg = Release_NET45|Any CPU
		{236D572B-BE98-4A0E-B5BF-DDA200AC4D7F}.Release_NET45|x64.Build.0 = Release_NET45|Any CPU
		{236D572B-BE98-4A0E-B5BF-DDA200AC4D7F}.Release_NET45|x86.ActiveCfg = Release_NET45|Any CPU
		{236D572B-BE98-4A0E-B5BF-DDA200AC4D7F}.Release_NET45|x86.Build.0 = Release_NET45|Any CPU
		{236D572B-BE98-4A0E-B5BF-DDA200AC4D7F}.Release_NET46|Any CPU.ActiveCfg = Release_NET46|Any CPU
		{236D572B-BE98-4A0E-B5BF-DDA200AC4D7F}.Release_NET46|Any CPU.Build.0 = Release_NET46|Any CPU
		{236D572B-BE98-4A0E-B5BF-DDA200AC4D7F}.Release_NET46|ARM.ActiveCfg = Release_NET46|Any CPU
		{236D572B-BE98-4A0E-B5BF-DDA200AC4D7F}.Release_NET46|ARM.Build.0 = Release_NET46|Any CPU
		{236D572B-BE98-4A0E-B5BF-DDA200AC4D7F}.Release_NET46|x64.ActiveCfg = Release_NET46|Any CPU
		{236D572B-BE98-4A0E-B5BF-DDA200AC4D7F}.Release_NET46|x64.Build.0 = Release_NET46|Any CPU
		{236D572B-BE98-4A0E-B5BF-DDA200AC4D7F}.Release_NET46|x86.ActiveCfg = Release_NET46|Any CPU
		{236D572B-BE98-4A0E-B5BF-DDA200AC4D7F}.Release_NET46|x86.Build.0 = Release_NET46|Any CPU
		{236D572B-BE98-4A0E-B5BF-DDA200AC4D7F}.Release|Any CPU.ActiveCfg = Release|Any CPU
		{236D572B-BE98-4A0E-B5BF-DDA200AC4D7F}.Release|Any CPU.Build.0 = Release|Any CPU
		{236D572B-BE98-4A0E-B5BF-DDA200AC4D7F}.Release|ARM.ActiveCfg = Release|Any CPU
		{236D572B-BE98-4A0E-B5BF-DDA200AC4D7F}.Release|ARM.Build.0 = Release|Any CPU
		{236D572B-BE98-4A0E-B5BF-DDA200AC4D7F}.Release|x64.ActiveCfg = Release|Any CPU
		{236D572B-BE98-4A0E-B5BF-DDA200AC4D7F}.Release|x64.Build.0 = Release|Any CPU
		{236D572B-BE98-4A0E-B5BF-DDA200AC4D7F}.Release|x86.ActiveCfg = Release|Any CPU
		{236D572B-BE98-4A0E-B5BF-DDA200AC4D7F}.Release|x86.Build.0 = Release|Any CPU
		{3037BA79-20D6-4E6F-98BF-6DE237F968C9}.Debug|Any CPU.ActiveCfg = Debug|Any CPU
		{3037BA79-20D6-4E6F-98BF-6DE237F968C9}.Debug|Any CPU.Build.0 = Debug|Any CPU
		{3037BA79-20D6-4E6F-98BF-6DE237F968C9}.Debug|ARM.ActiveCfg = Debug|ARM
		{3037BA79-20D6-4E6F-98BF-6DE237F968C9}.Debug|ARM.Build.0 = Debug|ARM
		{3037BA79-20D6-4E6F-98BF-6DE237F968C9}.Debug|x64.ActiveCfg = Debug|x64
		{3037BA79-20D6-4E6F-98BF-6DE237F968C9}.Debug|x64.Build.0 = Debug|x64
		{3037BA79-20D6-4E6F-98BF-6DE237F968C9}.Debug|x86.ActiveCfg = Debug|x86
		{3037BA79-20D6-4E6F-98BF-6DE237F968C9}.Debug|x86.Build.0 = Debug|x86
		{3037BA79-20D6-4E6F-98BF-6DE237F968C9}.Release_NET45|Any CPU.ActiveCfg = Release|Any CPU
		{3037BA79-20D6-4E6F-98BF-6DE237F968C9}.Release_NET45|ARM.ActiveCfg = Release|ARM
		{3037BA79-20D6-4E6F-98BF-6DE237F968C9}.Release_NET45|ARM.Build.0 = Release|ARM
		{3037BA79-20D6-4E6F-98BF-6DE237F968C9}.Release_NET45|x64.ActiveCfg = Release|x64
		{3037BA79-20D6-4E6F-98BF-6DE237F968C9}.Release_NET45|x64.Build.0 = Release|x64
		{3037BA79-20D6-4E6F-98BF-6DE237F968C9}.Release_NET45|x86.ActiveCfg = Release|x86
		{3037BA79-20D6-4E6F-98BF-6DE237F968C9}.Release_NET45|x86.Build.0 = Release|x86
		{3037BA79-20D6-4E6F-98BF-6DE237F968C9}.Release_NET46|Any CPU.ActiveCfg = Release|Any CPU
		{3037BA79-20D6-4E6F-98BF-6DE237F968C9}.Release_NET46|ARM.ActiveCfg = Release|ARM
		{3037BA79-20D6-4E6F-98BF-6DE237F968C9}.Release_NET46|ARM.Build.0 = Release|ARM
		{3037BA79-20D6-4E6F-98BF-6DE237F968C9}.Release_NET46|x64.ActiveCfg = Release|x64
		{3037BA79-20D6-4E6F-98BF-6DE237F968C9}.Release_NET46|x64.Build.0 = Release|x64
		{3037BA79-20D6-4E6F-98BF-6DE237F968C9}.Release_NET46|x86.ActiveCfg = Release|x86
		{3037BA79-20D6-4E6F-98BF-6DE237F968C9}.Release_NET46|x86.Build.0 = Release|x86
		{3037BA79-20D6-4E6F-98BF-6DE237F968C9}.Release|Any CPU.ActiveCfg = Release|Any CPU
		{3037BA79-20D6-4E6F-98BF-6DE237F968C9}.Release|Any CPU.Build.0 = Release|Any CPU
		{3037BA79-20D6-4E6F-98BF-6DE237F968C9}.Release|ARM.ActiveCfg = Release|ARM
		{3037BA79-20D6-4E6F-98BF-6DE237F968C9}.Release|ARM.Build.0 = Release|ARM
		{3037BA79-20D6-4E6F-98BF-6DE237F968C9}.Release|x64.ActiveCfg = Release|x64
		{3037BA79-20D6-4E6F-98BF-6DE237F968C9}.Release|x64.Build.0 = Release|x64
		{3037BA79-20D6-4E6F-98BF-6DE237F968C9}.Release|x86.ActiveCfg = Release|x86
		{3037BA79-20D6-4E6F-98BF-6DE237F968C9}.Release|x86.Build.0 = Release|x86
		{53816221-DCD4-4398-A7F9-2B9CE5335426}.Debug|Any CPU.ActiveCfg = Debug|Any CPU
		{53816221-DCD4-4398-A7F9-2B9CE5335426}.Debug|Any CPU.Build.0 = Debug|Any CPU
		{53816221-DCD4-4398-A7F9-2B9CE5335426}.Debug|ARM.ActiveCfg = Debug|ARM
		{53816221-DCD4-4398-A7F9-2B9CE5335426}.Debug|ARM.Build.0 = Debug|ARM
		{53816221-DCD4-4398-A7F9-2B9CE5335426}.Debug|x64.ActiveCfg = Debug|x64
		{53816221-DCD4-4398-A7F9-2B9CE5335426}.Debug|x64.Build.0 = Debug|x64
		{53816221-DCD4-4398-A7F9-2B9CE5335426}.Debug|x86.ActiveCfg = Debug|x86
		{53816221-DCD4-4398-A7F9-2B9CE5335426}.Debug|x86.Build.0 = Debug|x86
		{53816221-DCD4-4398-A7F9-2B9CE5335426}.Release_NET45|Any CPU.ActiveCfg = Release|Any CPU
		{53816221-DCD4-4398-A7F9-2B9CE5335426}.Release_NET45|ARM.ActiveCfg = Release|ARM
		{53816221-DCD4-4398-A7F9-2B9CE5335426}.Release_NET45|ARM.Build.0 = Release|ARM
		{53816221-DCD4-4398-A7F9-2B9CE5335426}.Release_NET45|x64.ActiveCfg = Release|x64
		{53816221-DCD4-4398-A7F9-2B9CE5335426}.Release_NET45|x64.Build.0 = Release|x64
		{53816221-DCD4-4398-A7F9-2B9CE5335426}.Release_NET45|x86.ActiveCfg = Release|x86
		{53816221-DCD4-4398-A7F9-2B9CE5335426}.Release_NET45|x86.Build.0 = Release|x86
		{53816221-DCD4-4398-A7F9-2B9CE5335426}.Release_NET46|Any CPU.ActiveCfg = Release|Any CPU
		{53816221-DCD4-4398-A7F9-2B9CE5335426}.Release_NET46|ARM.ActiveCfg = Release|ARM
		{53816221-DCD4-4398-A7F9-2B9CE5335426}.Release_NET46|ARM.Build.0 = Release|ARM
		{53816221-DCD4-4398-A7F9-2B9CE5335426}.Release_NET46|x64.ActiveCfg = Release|x64
		{53816221-DCD4-4398-A7F9-2B9CE5335426}.Release_NET46|x64.Build.0 = Release|x64
		{53816221-DCD4-4398-A7F9-2B9CE5335426}.Release_NET46|x86.ActiveCfg = Release|x86
		{53816221-DCD4-4398-A7F9-2B9CE5335426}.Release_NET46|x86.Build.0 = Release|x86
		{53816221-DCD4-4398-A7F9-2B9CE5335426}.Release|Any CPU.ActiveCfg = Release|Any CPU
		{53816221-DCD4-4398-A7F9-2B9CE5335426}.Release|Any CPU.Build.0 = Release|Any CPU
		{53816221-DCD4-4398-A7F9-2B9CE5335426}.Release|ARM.ActiveCfg = Release|ARM
		{53816221-DCD4-4398-A7F9-2B9CE5335426}.Release|ARM.Build.0 = Release|ARM
		{53816221-DCD4-4398-A7F9-2B9CE5335426}.Release|x64.ActiveCfg = Release|x64
		{53816221-DCD4-4398-A7F9-2B9CE5335426}.Release|x64.Build.0 = Release|x64
		{53816221-DCD4-4398-A7F9-2B9CE5335426}.Release|x86.ActiveCfg = Release|x86
		{53816221-DCD4-4398-A7F9-2B9CE5335426}.Release|x86.Build.0 = Release|x86
		{1E624010-73DC-4556-82C3-715ACF9055DD}.Debug|Any CPU.ActiveCfg = Debug|Any CPU
		{1E624010-73DC-4556-82C3-715ACF9055DD}.Debug|Any CPU.Build.0 = Debug|Any CPU
		{1E624010-73DC-4556-82C3-715ACF9055DD}.Debug|ARM.ActiveCfg = Debug|ARM
		{1E624010-73DC-4556-82C3-715ACF9055DD}.Debug|ARM.Build.0 = Debug|ARM
		{1E624010-73DC-4556-82C3-715ACF9055DD}.Debug|x64.ActiveCfg = Debug|x64
		{1E624010-73DC-4556-82C3-715ACF9055DD}.Debug|x64.Build.0 = Debug|x64
		{1E624010-73DC-4556-82C3-715ACF9055DD}.Debug|x86.ActiveCfg = Debug|x86
		{1E624010-73DC-4556-82C3-715ACF9055DD}.Debug|x86.Build.0 = Debug|x86
		{1E624010-73DC-4556-82C3-715ACF9055DD}.Release_NET45|Any CPU.ActiveCfg = Release|Any CPU
		{1E624010-73DC-4556-82C3-715ACF9055DD}.Release_NET45|ARM.ActiveCfg = Release|ARM
		{1E624010-73DC-4556-82C3-715ACF9055DD}.Release_NET45|ARM.Build.0 = Release|ARM
		{1E624010-73DC-4556-82C3-715ACF9055DD}.Release_NET45|x64.ActiveCfg = Release|x64
		{1E624010-73DC-4556-82C3-715ACF9055DD}.Release_NET45|x64.Build.0 = Release|x64
		{1E624010-73DC-4556-82C3-715ACF9055DD}.Release_NET45|x86.ActiveCfg = Release|x86
		{1E624010-73DC-4556-82C3-715ACF9055DD}.Release_NET45|x86.Build.0 = Release|x86
		{1E624010-73DC-4556-82C3-715ACF9055DD}.Release_NET46|Any CPU.ActiveCfg = Release|Any CPU
		{1E624010-73DC-4556-82C3-715ACF9055DD}.Release_NET46|ARM.ActiveCfg = Release|ARM
		{1E624010-73DC-4556-82C3-715ACF9055DD}.Release_NET46|ARM.Build.0 = Release|ARM
		{1E624010-73DC-4556-82C3-715ACF9055DD}.Release_NET46|x64.ActiveCfg = Release|x64
		{1E624010-73DC-4556-82C3-715ACF9055DD}.Release_NET46|x64.Build.0 = Release|x64
		{1E624010-73DC-4556-82C3-715ACF9055DD}.Release_NET46|x86.ActiveCfg = Release|x86
		{1E624010-73DC-4556-82C3-715ACF9055DD}.Release_NET46|x86.Build.0 = Release|x86
		{1E624010-73DC-4556-82C3-715ACF9055DD}.Release|Any CPU.ActiveCfg = Release|Any CPU
		{1E624010-73DC-4556-82C3-715ACF9055DD}.Release|Any CPU.Build.0 = Release|Any CPU
		{1E624010-73DC-4556-82C3-715ACF9055DD}.Release|ARM.ActiveCfg = Release|ARM
		{1E624010-73DC-4556-82C3-715ACF9055DD}.Release|ARM.Build.0 = Release|ARM
		{1E624010-73DC-4556-82C3-715ACF9055DD}.Release|x64.ActiveCfg = Release|x64
		{1E624010-73DC-4556-82C3-715ACF9055DD}.Release|x64.Build.0 = Release|x64
		{1E624010-73DC-4556-82C3-715ACF9055DD}.Release|x86.ActiveCfg = Release|x86
		{1E624010-73DC-4556-82C3-715ACF9055DD}.Release|x86.Build.0 = Release|x86
		{DA74EE5A-51D4-4F91-84FB-EA31311DE160}.Debug|Any CPU.ActiveCfg = Debug|Any CPU
		{DA74EE5A-51D4-4F91-84FB-EA31311DE160}.Debug|Any CPU.Build.0 = Debug|Any CPU
		{DA74EE5A-51D4-4F91-84FB-EA31311DE160}.Debug|ARM.ActiveCfg = Debug|ARM
		{DA74EE5A-51D4-4F91-84FB-EA31311DE160}.Debug|ARM.Build.0 = Debug|ARM
		{DA74EE5A-51D4-4F91-84FB-EA31311DE160}.Debug|x64.ActiveCfg = Debug|x64
		{DA74EE5A-51D4-4F91-84FB-EA31311DE160}.Debug|x64.Build.0 = Debug|x64
		{DA74EE5A-51D4-4F91-84FB-EA31311DE160}.Debug|x86.ActiveCfg = Debug|x86
		{DA74EE5A-51D4-4F91-84FB-EA31311DE160}.Debug|x86.Build.0 = Debug|x86
		{DA74EE5A-51D4-4F91-84FB-EA31311DE160}.Release_NET45|Any CPU.ActiveCfg = Release|Any CPU
		{DA74EE5A-51D4-4F91-84FB-EA31311DE160}.Release_NET45|ARM.ActiveCfg = Release|ARM
		{DA74EE5A-51D4-4F91-84FB-EA31311DE160}.Release_NET45|ARM.Build.0 = Release|ARM
		{DA74EE5A-51D4-4F91-84FB-EA31311DE160}.Release_NET45|x64.ActiveCfg = Release|x64
		{DA74EE5A-51D4-4F91-84FB-EA31311DE160}.Release_NET45|x64.Build.0 = Release|x64
		{DA74EE5A-51D4-4F91-84FB-EA31311DE160}.Release_NET45|x86.ActiveCfg = Release|x86
		{DA74EE5A-51D4-4F91-84FB-EA31311DE160}.Release_NET45|x86.Build.0 = Release|x86
		{DA74EE5A-51D4-4F91-84FB-EA31311DE160}.Release_NET46|Any CPU.ActiveCfg = Release|Any CPU
		{DA74EE5A-51D4-4F91-84FB-EA31311DE160}.Release_NET46|ARM.ActiveCfg = Release|ARM
		{DA74EE5A-51D4-4F91-84FB-EA31311DE160}.Release_NET46|ARM.Build.0 = Release|ARM
		{DA74EE5A-51D4-4F91-84FB-EA31311DE160}.Release_NET46|x64.ActiveCfg = Release|x64
		{DA74EE5A-51D4-4F91-84FB-EA31311DE160}.Release_NET46|x64.Build.0 = Release|x64
		{DA74EE5A-51D4-4F91-84FB-EA31311DE160}.Release_NET46|x86.ActiveCfg = Release|x86
		{DA74EE5A-51D4-4F91-84FB-EA31311DE160}.Release_NET46|x86.Build.0 = Release|x86
		{DA74EE5A-51D4-4F91-84FB-EA31311DE160}.Release|Any CPU.ActiveCfg = Release|Any CPU
		{DA74EE5A-51D4-4F91-84FB-EA31311DE160}.Release|Any CPU.Build.0 = Release|Any CPU
		{DA74EE5A-51D4-4F91-84FB-EA31311DE160}.Release|ARM.ActiveCfg = Release|ARM
		{DA74EE5A-51D4-4F91-84FB-EA31311DE160}.Release|ARM.Build.0 = Release|ARM
		{DA74EE5A-51D4-4F91-84FB-EA31311DE160}.Release|x64.ActiveCfg = Release|x64
		{DA74EE5A-51D4-4F91-84FB-EA31311DE160}.Release|x64.Build.0 = Release|x64
		{DA74EE5A-51D4-4F91-84FB-EA31311DE160}.Release|x86.ActiveCfg = Release|x86
		{DA74EE5A-51D4-4F91-84FB-EA31311DE160}.Release|x86.Build.0 = Release|x86
		{7D140FA5-7E0E-497A-A26C-E0A2BF0B1878}.Debug|Any CPU.ActiveCfg = Debug|Any CPU
		{7D140FA5-7E0E-497A-A26C-E0A2BF0B1878}.Debug|Any CPU.Build.0 = Debug|Any CPU
		{7D140FA5-7E0E-497A-A26C-E0A2BF0B1878}.Debug|ARM.ActiveCfg = Debug|ARM
		{7D140FA5-7E0E-497A-A26C-E0A2BF0B1878}.Debug|ARM.Build.0 = Debug|ARM
		{7D140FA5-7E0E-497A-A26C-E0A2BF0B1878}.Debug|x64.ActiveCfg = Debug|x64
		{7D140FA5-7E0E-497A-A26C-E0A2BF0B1878}.Debug|x64.Build.0 = Debug|x64
		{7D140FA5-7E0E-497A-A26C-E0A2BF0B1878}.Debug|x86.ActiveCfg = Debug|x86
		{7D140FA5-7E0E-497A-A26C-E0A2BF0B1878}.Debug|x86.Build.0 = Debug|x86
		{7D140FA5-7E0E-497A-A26C-E0A2BF0B1878}.Release_NET45|Any CPU.ActiveCfg = Release|Any CPU
		{7D140FA5-7E0E-497A-A26C-E0A2BF0B1878}.Release_NET45|ARM.ActiveCfg = Release|ARM
		{7D140FA5-7E0E-497A-A26C-E0A2BF0B1878}.Release_NET45|ARM.Build.0 = Release|ARM
		{7D140FA5-7E0E-497A-A26C-E0A2BF0B1878}.Release_NET45|x64.ActiveCfg = Release|x64
		{7D140FA5-7E0E-497A-A26C-E0A2BF0B1878}.Release_NET45|x64.Build.0 = Release|x64
		{7D140FA5-7E0E-497A-A26C-E0A2BF0B1878}.Release_NET45|x86.ActiveCfg = Release|x86
		{7D140FA5-7E0E-497A-A26C-E0A2BF0B1878}.Release_NET45|x86.Build.0 = Release|x86
		{7D140FA5-7E0E-497A-A26C-E0A2BF0B1878}.Release_NET46|Any CPU.ActiveCfg = Release|Any CPU
		{7D140FA5-7E0E-497A-A26C-E0A2BF0B1878}.Release_NET46|ARM.ActiveCfg = Release|ARM
		{7D140FA5-7E0E-497A-A26C-E0A2BF0B1878}.Release_NET46|ARM.Build.0 = Release|ARM
		{7D140FA5-7E0E-497A-A26C-E0A2BF0B1878}.Release_NET46|x64.ActiveCfg = Release|x64
		{7D140FA5-7E0E-497A-A26C-E0A2BF0B1878}.Release_NET46|x64.Build.0 = Release|x64
		{7D140FA5-7E0E-497A-A26C-E0A2BF0B1878}.Release_NET46|x86.ActiveCfg = Release|x86
		{7D140FA5-7E0E-497A-A26C-E0A2BF0B1878}.Release_NET46|x86.Build.0 = Release|x86
		{7D140FA5-7E0E-497A-A26C-E0A2BF0B1878}.Release|Any CPU.ActiveCfg = Release|Any CPU
		{7D140FA5-7E0E-497A-A26C-E0A2BF0B1878}.Release|Any CPU.Build.0 = Release|Any CPU
		{7D140FA5-7E0E-497A-A26C-E0A2BF0B1878}.Release|ARM.ActiveCfg = Release|ARM
		{7D140FA5-7E0E-497A-A26C-E0A2BF0B1878}.Release|ARM.Build.0 = Release|ARM
		{7D140FA5-7E0E-497A-A26C-E0A2BF0B1878}.Release|x64.ActiveCfg = Release|x64
		{7D140FA5-7E0E-497A-A26C-E0A2BF0B1878}.Release|x64.Build.0 = Release|x64
		{7D140FA5-7E0E-497A-A26C-E0A2BF0B1878}.Release|x86.ActiveCfg = Release|x86
		{7D140FA5-7E0E-497A-A26C-E0A2BF0B1878}.Release|x86.Build.0 = Release|x86
		{3D7AC4F4-132D-40F5-BEC7-D36962856B41}.Debug|Any CPU.ActiveCfg = Debug|Any CPU
		{3D7AC4F4-132D-40F5-BEC7-D36962856B41}.Debug|Any CPU.Build.0 = Debug|Any CPU
		{3D7AC4F4-132D-40F5-BEC7-D36962856B41}.Debug|ARM.ActiveCfg = Debug|ARM
		{3D7AC4F4-132D-40F5-BEC7-D36962856B41}.Debug|ARM.Build.0 = Debug|ARM
		{3D7AC4F4-132D-40F5-BEC7-D36962856B41}.Debug|x64.ActiveCfg = Debug|x64
		{3D7AC4F4-132D-40F5-BEC7-D36962856B41}.Debug|x64.Build.0 = Debug|x64
		{3D7AC4F4-132D-40F5-BEC7-D36962856B41}.Debug|x86.ActiveCfg = Debug|x86
		{3D7AC4F4-132D-40F5-BEC7-D36962856B41}.Debug|x86.Build.0 = Debug|x86
		{3D7AC4F4-132D-40F5-BEC7-D36962856B41}.Release_NET45|Any CPU.ActiveCfg = Release|Any CPU
		{3D7AC4F4-132D-40F5-BEC7-D36962856B41}.Release_NET45|ARM.ActiveCfg = Release|ARM
		{3D7AC4F4-132D-40F5-BEC7-D36962856B41}.Release_NET45|ARM.Build.0 = Release|ARM
		{3D7AC4F4-132D-40F5-BEC7-D36962856B41}.Release_NET45|x64.ActiveCfg = Release|x64
		{3D7AC4F4-132D-40F5-BEC7-D36962856B41}.Release_NET45|x64.Build.0 = Release|x64
		{3D7AC4F4-132D-40F5-BEC7-D36962856B41}.Release_NET45|x86.ActiveCfg = Release|x86
		{3D7AC4F4-132D-40F5-BEC7-D36962856B41}.Release_NET45|x86.Build.0 = Release|x86
		{3D7AC4F4-132D-40F5-BEC7-D36962856B41}.Release_NET46|Any CPU.ActiveCfg = Release|Any CPU
		{3D7AC4F4-132D-40F5-BEC7-D36962856B41}.Release_NET46|ARM.ActiveCfg = Release|ARM
		{3D7AC4F4-132D-40F5-BEC7-D36962856B41}.Release_NET46|ARM.Build.0 = Release|ARM
		{3D7AC4F4-132D-40F5-BEC7-D36962856B41}.Release_NET46|x64.ActiveCfg = Release|x64
		{3D7AC4F4-132D-40F5-BEC7-D36962856B41}.Release_NET46|x64.Build.0 = Release|x64
		{3D7AC4F4-132D-40F5-BEC7-D36962856B41}.Release_NET46|x86.ActiveCfg = Release|x86
		{3D7AC4F4-132D-40F5-BEC7-D36962856B41}.Release_NET46|x86.Build.0 = Release|x86
		{3D7AC4F4-132D-40F5-BEC7-D36962856B41}.Release|Any CPU.ActiveCfg = Release|Any CPU
		{3D7AC4F4-132D-40F5-BEC7-D36962856B41}.Release|Any CPU.Build.0 = Release|Any CPU
		{3D7AC4F4-132D-40F5-BEC7-D36962856B41}.Release|ARM.ActiveCfg = Release|ARM
		{3D7AC4F4-132D-40F5-BEC7-D36962856B41}.Release|ARM.Build.0 = Release|ARM
		{3D7AC4F4-132D-40F5-BEC7-D36962856B41}.Release|x64.ActiveCfg = Release|x64
		{3D7AC4F4-132D-40F5-BEC7-D36962856B41}.Release|x64.Build.0 = Release|x64
		{3D7AC4F4-132D-40F5-BEC7-D36962856B41}.Release|x86.ActiveCfg = Release|x86
		{3D7AC4F4-132D-40F5-BEC7-D36962856B41}.Release|x86.Build.0 = Release|x86
		{A6065DE5-EA2E-43B9-ABDF-00ADA6BD2017}.Debug|Any CPU.ActiveCfg = Debug|Any CPU
		{A6065DE5-EA2E-43B9-ABDF-00ADA6BD2017}.Debug|Any CPU.Build.0 = Debug|Any CPU
		{A6065DE5-EA2E-43B9-ABDF-00ADA6BD2017}.Debug|ARM.ActiveCfg = Debug|ARM
		{A6065DE5-EA2E-43B9-ABDF-00ADA6BD2017}.Debug|ARM.Build.0 = Debug|ARM
		{A6065DE5-EA2E-43B9-ABDF-00ADA6BD2017}.Debug|x64.ActiveCfg = Debug|x64
		{A6065DE5-EA2E-43B9-ABDF-00ADA6BD2017}.Debug|x64.Build.0 = Debug|x64
		{A6065DE5-EA2E-43B9-ABDF-00ADA6BD2017}.Debug|x86.ActiveCfg = Debug|x86
		{A6065DE5-EA2E-43B9-ABDF-00ADA6BD2017}.Debug|x86.Build.0 = Debug|x86
		{A6065DE5-EA2E-43B9-ABDF-00ADA6BD2017}.Release_NET45|Any CPU.ActiveCfg = Release|Any CPU
		{A6065DE5-EA2E-43B9-ABDF-00ADA6BD2017}.Release_NET45|ARM.ActiveCfg = Release|ARM
		{A6065DE5-EA2E-43B9-ABDF-00ADA6BD2017}.Release_NET45|ARM.Build.0 = Release|ARM
		{A6065DE5-EA2E-43B9-ABDF-00ADA6BD2017}.Release_NET45|x64.ActiveCfg = Release|x64
		{A6065DE5-EA2E-43B9-ABDF-00ADA6BD2017}.Release_NET45|x64.Build.0 = Release|x64
		{A6065DE5-EA2E-43B9-ABDF-00ADA6BD2017}.Release_NET45|x86.ActiveCfg = Release|x86
		{A6065DE5-EA2E-43B9-ABDF-00ADA6BD2017}.Release_NET45|x86.Build.0 = Release|x86
		{A6065DE5-EA2E-43B9-ABDF-00ADA6BD2017}.Release_NET46|Any CPU.ActiveCfg = Release|Any CPU
		{A6065DE5-EA2E-43B9-ABDF-00ADA6BD2017}.Release_NET46|ARM.ActiveCfg = Release|ARM
		{A6065DE5-EA2E-43B9-ABDF-00ADA6BD2017}.Release_NET46|ARM.Build.0 = Release|ARM
		{A6065DE5-EA2E-43B9-ABDF-00ADA6BD2017}.Release_NET46|x64.ActiveCfg = Release|x64
		{A6065DE5-EA2E-43B9-ABDF-00ADA6BD2017}.Release_NET46|x64.Build.0 = Release|x64
		{A6065DE5-EA2E-43B9-ABDF-00ADA6BD2017}.Release_NET46|x86.ActiveCfg = Release|x86
		{A6065DE5-EA2E-43B9-ABDF-00ADA6BD2017}.Release_NET46|x86.Build.0 = Release|x86
		{A6065DE5-EA2E-43B9-ABDF-00ADA6BD2017}.Release|Any CPU.ActiveCfg = Release|Any CPU
		{A6065DE5-EA2E-43B9-ABDF-00ADA6BD2017}.Release|Any CPU.Build.0 = Release|Any CPU
		{A6065DE5-EA2E-43B9-ABDF-00ADA6BD2017}.Release|ARM.ActiveCfg = Release|ARM
		{A6065DE5-EA2E-43B9-ABDF-00ADA6BD2017}.Release|ARM.Build.0 = Release|ARM
		{A6065DE5-EA2E-43B9-ABDF-00ADA6BD2017}.Release|x64.ActiveCfg = Release|x64
		{A6065DE5-EA2E-43B9-ABDF-00ADA6BD2017}.Release|x64.Build.0 = Release|x64
		{A6065DE5-EA2E-43B9-ABDF-00ADA6BD2017}.Release|x86.ActiveCfg = Release|x86
		{A6065DE5-EA2E-43B9-ABDF-00ADA6BD2017}.Release|x86.Build.0 = Release|x86
		{2B2248B3-9065-42D5-88EB-F7CC16B6716F}.Debug|Any CPU.ActiveCfg = Debug|Any CPU
		{2B2248B3-9065-42D5-88EB-F7CC16B6716F}.Debug|Any CPU.Build.0 = Debug|Any CPU
		{2B2248B3-9065-42D5-88EB-F7CC16B6716F}.Debug|ARM.ActiveCfg = Debug|ARM
		{2B2248B3-9065-42D5-88EB-F7CC16B6716F}.Debug|ARM.Build.0 = Debug|ARM
		{2B2248B3-9065-42D5-88EB-F7CC16B6716F}.Debug|x64.ActiveCfg = Debug|x64
		{2B2248B3-9065-42D5-88EB-F7CC16B6716F}.Debug|x64.Build.0 = Debug|x64
		{2B2248B3-9065-42D5-88EB-F7CC16B6716F}.Debug|x86.ActiveCfg = Debug|x86
		{2B2248B3-9065-42D5-88EB-F7CC16B6716F}.Debug|x86.Build.0 = Debug|x86
		{2B2248B3-9065-42D5-88EB-F7CC16B6716F}.Release_NET45|Any CPU.ActiveCfg = Release|Any CPU
		{2B2248B3-9065-42D5-88EB-F7CC16B6716F}.Release_NET45|ARM.ActiveCfg = Release|ARM
		{2B2248B3-9065-42D5-88EB-F7CC16B6716F}.Release_NET45|ARM.Build.0 = Release|ARM
		{2B2248B3-9065-42D5-88EB-F7CC16B6716F}.Release_NET45|x64.ActiveCfg = Release|x64
		{2B2248B3-9065-42D5-88EB-F7CC16B6716F}.Release_NET45|x64.Build.0 = Release|x64
		{2B2248B3-9065-42D5-88EB-F7CC16B6716F}.Release_NET45|x86.ActiveCfg = Release|x86
		{2B2248B3-9065-42D5-88EB-F7CC16B6716F}.Release_NET45|x86.Build.0 = Release|x86
		{2B2248B3-9065-42D5-88EB-F7CC16B6716F}.Release_NET46|Any CPU.ActiveCfg = Release|Any CPU
		{2B2248B3-9065-42D5-88EB-F7CC16B6716F}.Release_NET46|ARM.ActiveCfg = Release|ARM
		{2B2248B3-9065-42D5-88EB-F7CC16B6716F}.Release_NET46|ARM.Build.0 = Release|ARM
		{2B2248B3-9065-42D5-88EB-F7CC16B6716F}.Release_NET46|x64.ActiveCfg = Release|x64
		{2B2248B3-9065-42D5-88EB-F7CC16B6716F}.Release_NET46|x64.Build.0 = Release|x64
		{2B2248B3-9065-42D5-88EB-F7CC16B6716F}.Release_NET46|x86.ActiveCfg = Release|x86
		{2B2248B3-9065-42D5-88EB-F7CC16B6716F}.Release_NET46|x86.Build.0 = Release|x86
		{2B2248B3-9065-42D5-88EB-F7CC16B6716F}.Release|Any CPU.ActiveCfg = Release|Any CPU
		{2B2248B3-9065-42D5-88EB-F7CC16B6716F}.Release|Any CPU.Build.0 = Release|Any CPU
		{2B2248B3-9065-42D5-88EB-F7CC16B6716F}.Release|ARM.ActiveCfg = Release|ARM
		{2B2248B3-9065-42D5-88EB-F7CC16B6716F}.Release|ARM.Build.0 = Release|ARM
		{2B2248B3-9065-42D5-88EB-F7CC16B6716F}.Release|x64.ActiveCfg = Release|x64
		{2B2248B3-9065-42D5-88EB-F7CC16B6716F}.Release|x64.Build.0 = Release|x64
		{2B2248B3-9065-42D5-88EB-F7CC16B6716F}.Release|x86.ActiveCfg = Release|x86
		{2B2248B3-9065-42D5-88EB-F7CC16B6716F}.Release|x86.Build.0 = Release|x86
		{7E93749C-2211-42BD-A0D8-BF1A748B5F4D}.Debug|Any CPU.ActiveCfg = Debug|Any CPU
		{7E93749C-2211-42BD-A0D8-BF1A748B5F4D}.Debug|Any CPU.Build.0 = Debug|Any CPU
		{7E93749C-2211-42BD-A0D8-BF1A748B5F4D}.Debug|ARM.ActiveCfg = Debug|Any CPU
		{7E93749C-2211-42BD-A0D8-BF1A748B5F4D}.Debug|ARM.Build.0 = Debug|Any CPU
		{7E93749C-2211-42BD-A0D8-BF1A748B5F4D}.Debug|x64.ActiveCfg = Debug|Any CPU
		{7E93749C-2211-42BD-A0D8-BF1A748B5F4D}.Debug|x64.Build.0 = Debug|Any CPU
		{7E93749C-2211-42BD-A0D8-BF1A748B5F4D}.Debug|x86.ActiveCfg = Debug|Any CPU
		{7E93749C-2211-42BD-A0D8-BF1A748B5F4D}.Debug|x86.Build.0 = Debug|Any CPU
		{7E93749C-2211-42BD-A0D8-BF1A748B5F4D}.Release_NET45|Any CPU.ActiveCfg = Release_NET45|Any CPU
		{7E93749C-2211-42BD-A0D8-BF1A748B5F4D}.Release_NET45|Any CPU.Build.0 = Release_NET45|Any CPU
		{7E93749C-2211-42BD-A0D8-BF1A748B5F4D}.Release_NET45|ARM.ActiveCfg = Release_NET45|Any CPU
		{7E93749C-2211-42BD-A0D8-BF1A748B5F4D}.Release_NET45|ARM.Build.0 = Release_NET45|Any CPU
		{7E93749C-2211-42BD-A0D8-BF1A748B5F4D}.Release_NET45|x64.ActiveCfg = Release_NET45|Any CPU
		{7E93749C-2211-42BD-A0D8-BF1A748B5F4D}.Release_NET45|x64.Build.0 = Release_NET45|Any CPU
		{7E93749C-2211-42BD-A0D8-BF1A748B5F4D}.Release_NET45|x86.ActiveCfg = Release_NET45|Any CPU
		{7E93749C-2211-42BD-A0D8-BF1A748B5F4D}.Release_NET45|x86.Build.0 = Release_NET45|Any CPU
		{7E93749C-2211-42BD-A0D8-BF1A748B5F4D}.Release_NET46|Any CPU.ActiveCfg = Release_NET46|Any CPU
		{7E93749C-2211-42BD-A0D8-BF1A748B5F4D}.Release_NET46|Any CPU.Build.0 = Release_NET46|Any CPU
		{7E93749C-2211-42BD-A0D8-BF1A748B5F4D}.Release_NET46|ARM.ActiveCfg = Release_NET46|Any CPU
		{7E93749C-2211-42BD-A0D8-BF1A748B5F4D}.Release_NET46|ARM.Build.0 = Release_NET46|Any CPU
		{7E93749C-2211-42BD-A0D8-BF1A748B5F4D}.Release_NET46|x64.ActiveCfg = Release_NET46|Any CPU
		{7E93749C-2211-42BD-A0D8-BF1A748B5F4D}.Release_NET46|x64.Build.0 = Release_NET46|Any CPU
		{7E93749C-2211-42BD-A0D8-BF1A748B5F4D}.Release_NET46|x86.ActiveCfg = Release_NET46|Any CPU
		{7E93749C-2211-42BD-A0D8-BF1A748B5F4D}.Release_NET46|x86.Build.0 = Release_NET46|Any CPU
		{7E93749C-2211-42BD-A0D8-BF1A748B5F4D}.Release|Any CPU.ActiveCfg = Release|Any CPU
		{7E93749C-2211-42BD-A0D8-BF1A748B5F4D}.Release|Any CPU.Build.0 = Release|Any CPU
		{7E93749C-2211-42BD-A0D8-BF1A748B5F4D}.Release|ARM.ActiveCfg = Release|Any CPU
		{7E93749C-2211-42BD-A0D8-BF1A748B5F4D}.Release|ARM.Build.0 = Release|Any CPU
		{7E93749C-2211-42BD-A0D8-BF1A748B5F4D}.Release|x64.ActiveCfg = Release|Any CPU
		{7E93749C-2211-42BD-A0D8-BF1A748B5F4D}.Release|x64.Build.0 = Release|Any CPU
		{7E93749C-2211-42BD-A0D8-BF1A748B5F4D}.Release|x86.ActiveCfg = Release|Any CPU
		{7E93749C-2211-42BD-A0D8-BF1A748B5F4D}.Release|x86.Build.0 = Release|Any CPU
		{85E73E30-B880-4127-A770-E8F0DE6744CE}.Debug|Any CPU.ActiveCfg = Debug|Any CPU
		{85E73E30-B880-4127-A770-E8F0DE6744CE}.Debug|Any CPU.Build.0 = Debug|Any CPU
		{85E73E30-B880-4127-A770-E8F0DE6744CE}.Debug|ARM.ActiveCfg = Debug|Any CPU
		{85E73E30-B880-4127-A770-E8F0DE6744CE}.Debug|ARM.Build.0 = Debug|Any CPU
		{85E73E30-B880-4127-A770-E8F0DE6744CE}.Debug|x64.ActiveCfg = Debug|Any CPU
		{85E73E30-B880-4127-A770-E8F0DE6744CE}.Debug|x64.Build.0 = Debug|Any CPU
		{85E73E30-B880-4127-A770-E8F0DE6744CE}.Debug|x86.ActiveCfg = Debug|Any CPU
		{85E73E30-B880-4127-A770-E8F0DE6744CE}.Debug|x86.Build.0 = Debug|Any CPU
		{85E73E30-B880-4127-A770-E8F0DE6744CE}.Release_NET45|Any CPU.ActiveCfg = Release_NET45|Any CPU
		{85E73E30-B880-4127-A770-E8F0DE6744CE}.Release_NET45|Any CPU.Build.0 = Release_NET45|Any CPU
		{85E73E30-B880-4127-A770-E8F0DE6744CE}.Release_NET45|ARM.ActiveCfg = Release_NET45|Any CPU
		{85E73E30-B880-4127-A770-E8F0DE6744CE}.Release_NET45|ARM.Build.0 = Release_NET45|Any CPU
		{85E73E30-B880-4127-A770-E8F0DE6744CE}.Release_NET45|x64.ActiveCfg = Release_NET45|Any CPU
		{85E73E30-B880-4127-A770-E8F0DE6744CE}.Release_NET45|x64.Build.0 = Release_NET45|Any CPU
		{85E73E30-B880-4127-A770-E8F0DE6744CE}.Release_NET45|x86.ActiveCfg = Release_NET45|Any CPU
		{85E73E30-B880-4127-A770-E8F0DE6744CE}.Release_NET45|x86.Build.0 = Release_NET45|Any CPU
		{85E73E30-B880-4127-A770-E8F0DE6744CE}.Release_NET46|Any CPU.ActiveCfg = Release_NET46|Any CPU
		{85E73E30-B880-4127-A770-E8F0DE6744CE}.Release_NET46|Any CPU.Build.0 = Release_NET46|Any CPU
		{85E73E30-B880-4127-A770-E8F0DE6744CE}.Release_NET46|ARM.ActiveCfg = Release_NET46|Any CPU
		{85E73E30-B880-4127-A770-E8F0DE6744CE}.Release_NET46|ARM.Build.0 = Release_NET46|Any CPU
		{85E73E30-B880-4127-A770-E8F0DE6744CE}.Release_NET46|x64.ActiveCfg = Release_NET46|Any CPU
		{85E73E30-B880-4127-A770-E8F0DE6744CE}.Release_NET46|x64.Build.0 = Release_NET46|Any CPU
		{85E73E30-B880-4127-A770-E8F0DE6744CE}.Release_NET46|x86.ActiveCfg = Release_NET46|Any CPU
		{85E73E30-B880-4127-A770-E8F0DE6744CE}.Release_NET46|x86.Build.0 = Release_NET46|Any CPU
		{85E73E30-B880-4127-A770-E8F0DE6744CE}.Release|Any CPU.ActiveCfg = Release|Any CPU
		{85E73E30-B880-4127-A770-E8F0DE6744CE}.Release|Any CPU.Build.0 = Release|Any CPU
		{85E73E30-B880-4127-A770-E8F0DE6744CE}.Release|ARM.ActiveCfg = Release|Any CPU
		{85E73E30-B880-4127-A770-E8F0DE6744CE}.Release|ARM.Build.0 = Release|Any CPU
		{85E73E30-B880-4127-A770-E8F0DE6744CE}.Release|x64.ActiveCfg = Release|Any CPU
		{85E73E30-B880-4127-A770-E8F0DE6744CE}.Release|x64.Build.0 = Release|Any CPU
		{85E73E30-B880-4127-A770-E8F0DE6744CE}.Release|x86.ActiveCfg = Release|Any CPU
		{85E73E30-B880-4127-A770-E8F0DE6744CE}.Release|x86.Build.0 = Release|Any CPU
		{B01C85C8-7C88-4999-9148-7D5A28D02E97}.Debug|Any CPU.ActiveCfg = Debug|Any CPU
		{B01C85C8-7C88-4999-9148-7D5A28D02E97}.Debug|Any CPU.Build.0 = Debug|Any CPU
		{B01C85C8-7C88-4999-9148-7D5A28D02E97}.Debug|ARM.ActiveCfg = Debug|ARM
		{B01C85C8-7C88-4999-9148-7D5A28D02E97}.Debug|ARM.Build.0 = Debug|ARM
		{B01C85C8-7C88-4999-9148-7D5A28D02E97}.Debug|x64.ActiveCfg = Debug|x64
		{B01C85C8-7C88-4999-9148-7D5A28D02E97}.Debug|x64.Build.0 = Debug|x64
		{B01C85C8-7C88-4999-9148-7D5A28D02E97}.Debug|x86.ActiveCfg = Debug|x86
		{B01C85C8-7C88-4999-9148-7D5A28D02E97}.Debug|x86.Build.0 = Debug|x86
		{B01C85C8-7C88-4999-9148-7D5A28D02E97}.Release_NET45|Any CPU.ActiveCfg = Release|Any CPU
		{B01C85C8-7C88-4999-9148-7D5A28D02E97}.Release_NET45|ARM.ActiveCfg = Release|ARM
		{B01C85C8-7C88-4999-9148-7D5A28D02E97}.Release_NET45|ARM.Build.0 = Release|ARM
		{B01C85C8-7C88-4999-9148-7D5A28D02E97}.Release_NET45|x64.ActiveCfg = Release|x64
		{B01C85C8-7C88-4999-9148-7D5A28D02E97}.Release_NET45|x64.Build.0 = Release|x64
		{B01C85C8-7C88-4999-9148-7D5A28D02E97}.Release_NET45|x86.ActiveCfg = Release|x86
		{B01C85C8-7C88-4999-9148-7D5A28D02E97}.Release_NET45|x86.Build.0 = Release|x86
		{B01C85C8-7C88-4999-9148-7D5A28D02E97}.Release_NET46|Any CPU.ActiveCfg = Release|Any CPU
		{B01C85C8-7C88-4999-9148-7D5A28D02E97}.Release_NET46|ARM.ActiveCfg = Release|ARM
		{B01C85C8-7C88-4999-9148-7D5A28D02E97}.Release_NET46|ARM.Build.0 = Release|ARM
		{B01C85C8-7C88-4999-9148-7D5A28D02E97}.Release_NET46|x64.ActiveCfg = Release|x64
		{B01C85C8-7C88-4999-9148-7D5A28D02E97}.Release_NET46|x64.Build.0 = Release|x64
		{B01C85C8-7C88-4999-9148-7D5A28D02E97}.Release_NET46|x86.ActiveCfg = Release|x86
		{B01C85C8-7C88-4999-9148-7D5A28D02E97}.Release_NET46|x86.Build.0 = Release|x86
		{B01C85C8-7C88-4999-9148-7D5A28D02E97}.Release|Any CPU.ActiveCfg = Release|Any CPU
		{B01C85C8-7C88-4999-9148-7D5A28D02E97}.Release|Any CPU.Build.0 = Release|Any CPU
		{B01C85C8-7C88-4999-9148-7D5A28D02E97}.Release|ARM.ActiveCfg = Release|ARM
		{B01C85C8-7C88-4999-9148-7D5A28D02E97}.Release|ARM.Build.0 = Release|ARM
		{B01C85C8-7C88-4999-9148-7D5A28D02E97}.Release|x64.ActiveCfg = Release|x64
		{B01C85C8-7C88-4999-9148-7D5A28D02E97}.Release|x64.Build.0 = Release|x64
		{B01C85C8-7C88-4999-9148-7D5A28D02E97}.Release|x86.ActiveCfg = Release|x86
		{B01C85C8-7C88-4999-9148-7D5A28D02E97}.Release|x86.Build.0 = Release|x86
	EndGlobalSection
	GlobalSection(SolutionProperties) = preSolution
		HideSolutionNode = FALSE
	EndGlobalSection
	GlobalSection(NestedProjects) = preSolution
		{3037BA79-20D6-4E6F-98BF-6DE237F968C9} = {9D0B6086-4396-4709-A6E3-02A3EF89471B}
		{53816221-DCD4-4398-A7F9-2B9CE5335426} = {9D0B6086-4396-4709-A6E3-02A3EF89471B}
		{1E624010-73DC-4556-82C3-715ACF9055DD} = {9D0B6086-4396-4709-A6E3-02A3EF89471B}
		{DA74EE5A-51D4-4F91-84FB-EA31311DE160} = {9D0B6086-4396-4709-A6E3-02A3EF89471B}
		{7D140FA5-7E0E-497A-A26C-E0A2BF0B1878} = {9D0B6086-4396-4709-A6E3-02A3EF89471B}
		{3D7AC4F4-132D-40F5-BEC7-D36962856B41} = {9D0B6086-4396-4709-A6E3-02A3EF89471B}
		{A6065DE5-EA2E-43B9-ABDF-00ADA6BD2017} = {9D0B6086-4396-4709-A6E3-02A3EF89471B}
		{2B2248B3-9065-42D5-88EB-F7CC16B6716F} = {9D0B6086-4396-4709-A6E3-02A3EF89471B}
		{B01C85C8-7C88-4999-9148-7D5A28D02E97} = {9D0B6086-4396-4709-A6E3-02A3EF89471B}
	EndGlobalSection
EndGlobal
