
Microsoft Visual Studio Solution File, Format Version 12.00
# Visual Studio Version 16
VisualStudioVersion = 16.0.28527.54
MinimumVisualStudioVersion = 10.0.40219.1
Project("{2150E333-8FDC-42A3-9474-1A3956D46DE8}") = "Solution Items", "Solution Items", "{3C4306AE-E57D-4D1F-899C-C098080B2AD5}"
	ProjectSection(SolutionItems) = preProject
		Directory.build.props = Directory.build.props
		Directory.build.targets = Directory.build.targets
	EndProjectSection
EndProject
Project("{9A19103F-16F7-4668-BE54-9A1E7A4F7556}") = "MahApps.Metro.IconPacks.Core.Wpf", "MahApps.Metro.IconPacks.Core\MahApps.Metro.IconPacks.Core.Wpf.csproj", "{B6CD6F83-64DD-4C7C-B3AE-F26637B98B19}"
EndProject
Project("{9A19103F-16F7-4668-BE54-9A1E7A4F7556}") = "MahApps.Metro.IconPacks.Core.Windows10", "MahApps.Metro.IconPacks.Core\MahApps.Metro.IconPacks.Core.Windows10.csproj", "{02ACB171-AB92-4118-9358-DD0A6CE5008A}"
EndProject
Project("{9A19103F-16F7-4668-BE54-9A1E7A4F7556}") = "MahApps.Metro.IconPacks.Wpf", "MahApps.Metro.IconPacks\MahApps.Metro.IconPacks.Wpf.csproj", "{CDAF2BD7-0099-49B9-9C60-7D178C5AED07}"
EndProject
Project("{9A19103F-16F7-4668-BE54-9A1E7A4F7556}") = "MahApps.Metro.IconPacks.Windows10", "MahApps.Metro.IconPacks\MahApps.Metro.IconPacks.Windows10.csproj", "{14706D95-EDD4-4FCA-8CBE-56773D84EF93}"
EndProject
Project("{9A19103F-16F7-4668-BE54-9A1E7A4F7556}") = "MahApps.Metro.IconPacks.Entypo.Wpf", "MahApps.Metro.IconPacks\MahApps.Metro.IconPacks.Entypo.Wpf.csproj", "{8C2FF27D-D314-4818-8A86-F12FFE64360B}"
EndProject
Project("{9A19103F-16F7-4668-BE54-9A1E7A4F7556}") = "MahApps.Metro.IconPacks.Entypo.Windows10", "MahApps.Metro.IconPacks\MahApps.Metro.IconPacks.Entypo.Windows10.csproj", "{88594CE8-7CE6-4721-B81B-C98F4E3EE0C2}"
EndProject
Project("{9A19103F-16F7-4668-BE54-9A1E7A4F7556}") = "MahApps.Metro.IconPacks.FeatherIcons.Windows10", "MahApps.Metro.IconPacks\MahApps.Metro.IconPacks.FeatherIcons.Windows10.csproj", "{B8230010-8726-433C-A857-F44508FE35B1}"
EndProject
Project("{9A19103F-16F7-4668-BE54-9A1E7A4F7556}") = "MahApps.Metro.IconPacks.FeatherIcons.Wpf", "MahApps.Metro.IconPacks\MahApps.Metro.IconPacks.FeatherIcons.Wpf.csproj", "{4CE12C4C-1AA8-4CB0-B54B-318045B8CA86}"
EndProject
Project("{9A19103F-16F7-4668-BE54-9A1E7A4F7556}") = "MahApps.Metro.IconPacks.FontAwesome.Windows10", "MahApps.Metro.IconPacks\MahApps.Metro.IconPacks.FontAwesome.Windows10.csproj", "{22EB8CBA-3A19-47B3-B364-5390CC2F1CA4}"
EndProject
Project("{9A19103F-16F7-4668-BE54-9A1E7A4F7556}") = "MahApps.Metro.IconPacks.FontAwesome.Wpf", "MahApps.Metro.IconPacks\MahApps.Metro.IconPacks.FontAwesome.Wpf.csproj", "{72D26483-BCDC-4C77-963C-F6B8810D5DF2}"
EndProject
Project("{9A19103F-16F7-4668-BE54-9A1E7A4F7556}") = "MahApps.Metro.IconPacks.Ionicons.Windows10", "MahApps.Metro.IconPacks\MahApps.Metro.IconPacks.Ionicons.Windows10.csproj", "{985C1667-B80E-491B-BB14-FC38099E125F}"
EndProject
Project("{9A19103F-16F7-4668-BE54-9A1E7A4F7556}") = "MahApps.Metro.IconPacks.Ionicons.Wpf", "MahApps.Metro.IconPacks\MahApps.Metro.IconPacks.Ionicons.Wpf.csproj", "{9D9951C2-F658-4AC7-9509-186505513CCE}"
EndProject
Project("{9A19103F-16F7-4668-BE54-9A1E7A4F7556}") = "MahApps.Metro.IconPacks.JamIcons.Windows10", "MahApps.Metro.IconPacks\MahApps.Metro.IconPacks.JamIcons.Windows10.csproj", "{41706BE4-87D6-4FAF-9FD6-240FA896F661}"
EndProject
Project("{9A19103F-16F7-4668-BE54-9A1E7A4F7556}") = "MahApps.Metro.IconPacks.JamIcons.Wpf", "MahApps.Metro.IconPacks\MahApps.Metro.IconPacks.JamIcons.Wpf.csproj", "{77441F97-1125-44F1-866C-793E198C0CDF}"
EndProject
Project("{9A19103F-16F7-4668-BE54-9A1E7A4F7556}") = "MahApps.Metro.IconPacks.Material.Windows10", "MahApps.Metro.IconPacks\MahApps.Metro.IconPacks.Material.Windows10.csproj", "{A2CBE92F-B049-41FE-8AA7-BF98DEB2966D}"
EndProject
Project("{9A19103F-16F7-4668-BE54-9A1E7A4F7556}") = "MahApps.Metro.IconPacks.Material.Wpf", "MahApps.Metro.IconPacks\MahApps.Metro.IconPacks.Material.Wpf.csproj", "{81B3CC1A-4823-43BC-9863-FDF1F7786313}"
EndProject
Project("{9A19103F-16F7-4668-BE54-9A1E7A4F7556}") = "MahApps.Metro.IconPacks.MaterialDesign.Windows10", "MahApps.Metro.IconPacks\MahApps.Metro.IconPacks.MaterialDesign.Windows10.csproj", "{20C8A8A8-8993-4957-949E-90213D093EB6}"
EndProject
Project("{9A19103F-16F7-4668-BE54-9A1E7A4F7556}") = "MahApps.Metro.IconPacks.MaterialDesign.Wpf", "MahApps.Metro.IconPacks\MahApps.Metro.IconPacks.MaterialDesign.Wpf.csproj", "{DB41D438-2990-4B07-AA3F-FD468593DE00}"
EndProject
Project("{9A19103F-16F7-4668-BE54-9A1E7A4F7556}") = "MahApps.Metro.IconPacks.MaterialLight.Windows10", "MahApps.Metro.IconPacks\MahApps.Metro.IconPacks.MaterialLight.Windows10.csproj", "{5AA1FD1B-CFE4-43E1-AC92-AFE2BBB1E6C2}"
EndProject
Project("{9A19103F-16F7-4668-BE54-9A1E7A4F7556}") = "MahApps.Metro.IconPacks.MaterialLight.Wpf", "MahApps.Metro.IconPacks\MahApps.Metro.IconPacks.MaterialLight.Wpf.csproj", "{326278CF-45EE-4924-85AE-A4D1893E4717}"
EndProject
Project("{9A19103F-16F7-4668-BE54-9A1E7A4F7556}") = "MahApps.Metro.IconPacks.Modern.Windows10", "MahApps.Metro.IconPacks\MahApps.Metro.IconPacks.Modern.Windows10.csproj", "{47AFFEF0-BEA2-4546-9C8E-F337D79C4E60}"
EndProject
Project("{9A19103F-16F7-4668-BE54-9A1E7A4F7556}") = "MahApps.Metro.IconPacks.Modern.Wpf", "MahApps.Metro.IconPacks\MahApps.Metro.IconPacks.Modern.Wpf.csproj", "{6AB5F43E-D8AF-410A-AA86-029541F24205}"
EndProject
Project("{9A19103F-16F7-4668-BE54-9A1E7A4F7556}") = "MahApps.Metro.IconPacks.Octicons.Windows10", "MahApps.Metro.IconPacks\MahApps.Metro.IconPacks.Octicons.Windows10.csproj", "{1E245AD7-ABF9-4F50-A517-D57BA358D781}"
EndProject
Project("{9A19103F-16F7-4668-BE54-9A1E7A4F7556}") = "MahApps.Metro.IconPacks.Octicons.Wpf", "MahApps.Metro.IconPacks\MahApps.Metro.IconPacks.Octicons.Wpf.csproj", "{A8C7B9A4-0959-41F2-AB16-E46CACDBF8F7}"
EndProject
Project("{9A19103F-16F7-4668-BE54-9A1E7A4F7556}") = "MahApps.Metro.IconPacks.SimpleIcons.Windows10", "MahApps.Metro.IconPacks\MahApps.Metro.IconPacks.SimpleIcons.Windows10.csproj", "{09F82AC9-D3AF-4254-96AF-468CE3D3A3B6}"
EndProject
Project("{9A19103F-16F7-4668-BE54-9A1E7A4F7556}") = "MahApps.Metro.IconPacks.SimpleIcons.Wpf", "MahApps.Metro.IconPacks\MahApps.Metro.IconPacks.SimpleIcons.Wpf.csproj", "{80AC41BD-5155-40B1-AE8F-CAC9B37590C7}"
EndProject
Project("{9A19103F-16F7-4668-BE54-9A1E7A4F7556}") = "MahApps.Metro.IconPacks.Typicons.Windows10", "MahApps.Metro.IconPacks\MahApps.Metro.IconPacks.Typicons.Windows10.csproj", "{D773396E-7C3C-424C-9FF6-4AC4107EE824}"
EndProject
Project("{9A19103F-16F7-4668-BE54-9A1E7A4F7556}") = "MahApps.Metro.IconPacks.Typicons.Wpf", "MahApps.Metro.IconPacks\MahApps.Metro.IconPacks.Typicons.Wpf.csproj", "{500DA4F3-6013-467C-98D8-BCF8EFC56678}"
EndProject
Project("{9A19103F-16F7-4668-BE54-9A1E7A4F7556}") = "MahApps.Metro.IconPacks.WeatherIcons.Windows10", "MahApps.Metro.IconPacks\MahApps.Metro.IconPacks.WeatherIcons.Windows10.csproj", "{0851692E-9DF6-4AD1-80B4-D7B6427C6A33}"
EndProject
Project("{9A19103F-16F7-4668-BE54-9A1E7A4F7556}") = "MahApps.Metro.IconPacks.WeatherIcons.Wpf", "MahApps.Metro.IconPacks\MahApps.Metro.IconPacks.WeatherIcons.Wpf.csproj", "{924AEDD0-BA1D-419A-AB89-709A19B4A8F7}"
EndProject
Project("{9A19103F-16F7-4668-BE54-9A1E7A4F7556}") = "MahApps.Metro.IconPacks.Browser", "MahApps.Metro.IconPacks.Browser\MahApps.Metro.IconPacks.Browser.csproj", "{E59A6476-A35B-4173-94F9-CB2668C7C062}"
EndProject
Global
	GlobalSection(SolutionConfigurationPlatforms) = preSolution
		Debug|Any CPU = Debug|Any CPU
		Debug|x64 = Debug|x64
		Debug|x86 = Debug|x86
		Release|Any CPU = Release|Any CPU
		Release|x64 = Release|x64
		Release|x86 = Release|x86
	EndGlobalSection
	GlobalSection(ProjectConfigurationPlatforms) = postSolution
		{B6CD6F83-64DD-4C7C-B3AE-F26637B98B19}.Debug|Any CPU.ActiveCfg = Debug|Any CPU
		{B6CD6F83-64DD-4C7C-B3AE-F26637B98B19}.Debug|Any CPU.Build.0 = Debug|Any CPU
		{B6CD6F83-64DD-4C7C-B3AE-F26637B98B19}.Debug|x64.ActiveCfg = Debug|Any CPU
		{B6CD6F83-64DD-4C7C-B3AE-F26637B98B19}.Debug|x64.Build.0 = Debug|Any CPU
		{B6CD6F83-64DD-4C7C-B3AE-F26637B98B19}.Debug|x86.ActiveCfg = Debug|Any CPU
		{B6CD6F83-64DD-4C7C-B3AE-F26637B98B19}.Debug|x86.Build.0 = Debug|Any CPU
		{B6CD6F83-64DD-4C7C-B3AE-F26637B98B19}.Release|Any CPU.ActiveCfg = Release|Any CPU
		{B6CD6F83-64DD-4C7C-B3AE-F26637B98B19}.Release|Any CPU.Build.0 = Release|Any CPU
		{B6CD6F83-64DD-4C7C-B3AE-F26637B98B19}.Release|x64.ActiveCfg = Release|Any CPU
		{B6CD6F83-64DD-4C7C-B3AE-F26637B98B19}.Release|x64.Build.0 = Release|Any CPU
		{B6CD6F83-64DD-4C7C-B3AE-F26637B98B19}.Release|x86.ActiveCfg = Release|Any CPU
		{B6CD6F83-64DD-4C7C-B3AE-F26637B98B19}.Release|x86.Build.0 = Release|Any CPU
		{02ACB171-AB92-4118-9358-DD0A6CE5008A}.Debug|Any CPU.ActiveCfg = Debug|Any CPU
		{02ACB171-AB92-4118-9358-DD0A6CE5008A}.Debug|Any CPU.Build.0 = Debug|Any CPU
		{02ACB171-AB92-4118-9358-DD0A6CE5008A}.Debug|x64.ActiveCfg = Debug|Any CPU
		{02ACB171-AB92-4118-9358-DD0A6CE5008A}.Debug|x64.Build.0 = Debug|Any CPU
		{02ACB171-AB92-4118-9358-DD0A6CE5008A}.Debug|x86.ActiveCfg = Debug|Any CPU
		{02ACB171-AB92-4118-9358-DD0A6CE5008A}.Debug|x86.Build.0 = Debug|Any CPU
		{02ACB171-AB92-4118-9358-DD0A6CE5008A}.Release|Any CPU.ActiveCfg = Release|Any CPU
		{02ACB171-AB92-4118-9358-DD0A6CE5008A}.Release|Any CPU.Build.0 = Release|Any CPU
		{02ACB171-AB92-4118-9358-DD0A6CE5008A}.Release|x64.ActiveCfg = Release|Any CPU
		{02ACB171-AB92-4118-9358-DD0A6CE5008A}.Release|x64.Build.0 = Release|Any CPU
		{02ACB171-AB92-4118-9358-DD0A6CE5008A}.Release|x86.ActiveCfg = Release|Any CPU
		{02ACB171-AB92-4118-9358-DD0A6CE5008A}.Release|x86.Build.0 = Release|Any CPU
		{CDAF2BD7-0099-49B9-9C60-7D178C5AED07}.Debug|Any CPU.ActiveCfg = Debug|Any CPU
		{CDAF2BD7-0099-49B9-9C60-7D178C5AED07}.Debug|Any CPU.Build.0 = Debug|Any CPU
		{CDAF2BD7-0099-49B9-9C60-7D178C5AED07}.Debug|x64.ActiveCfg = Debug|Any CPU
		{CDAF2BD7-0099-49B9-9C60-7D178C5AED07}.Debug|x64.Build.0 = Debug|Any CPU
		{CDAF2BD7-0099-49B9-9C60-7D178C5AED07}.Debug|x86.ActiveCfg = Debug|Any CPU
		{CDAF2BD7-0099-49B9-9C60-7D178C5AED07}.Debug|x86.Build.0 = Debug|Any CPU
		{CDAF2BD7-0099-49B9-9C60-7D178C5AED07}.Release|Any CPU.ActiveCfg = Release|Any CPU
		{CDAF2BD7-0099-49B9-9C60-7D178C5AED07}.Release|Any CPU.Build.0 = Release|Any CPU
		{CDAF2BD7-0099-49B9-9C60-7D178C5AED07}.Release|x64.ActiveCfg = Release|Any CPU
		{CDAF2BD7-0099-49B9-9C60-7D178C5AED07}.Release|x64.Build.0 = Release|Any CPU
		{CDAF2BD7-0099-49B9-9C60-7D178C5AED07}.Release|x86.ActiveCfg = Release|Any CPU
		{CDAF2BD7-0099-49B9-9C60-7D178C5AED07}.Release|x86.Build.0 = Release|Any CPU
		{14706D95-EDD4-4FCA-8CBE-56773D84EF93}.Debug|Any CPU.ActiveCfg = Debug|Any CPU
		{14706D95-EDD4-4FCA-8CBE-56773D84EF93}.Debug|Any CPU.Build.0 = Debug|Any CPU
		{14706D95-EDD4-4FCA-8CBE-56773D84EF93}.Debug|x64.ActiveCfg = Debug|Any CPU
		{14706D95-EDD4-4FCA-8CBE-56773D84EF93}.Debug|x64.Build.0 = Debug|Any CPU
		{14706D95-EDD4-4FCA-8CBE-56773D84EF93}.Debug|x86.ActiveCfg = Debug|Any CPU
		{14706D95-EDD4-4FCA-8CBE-56773D84EF93}.Debug|x86.Build.0 = Debug|Any CPU
		{14706D95-EDD4-4FCA-8CBE-56773D84EF93}.Release|Any CPU.ActiveCfg = Release|Any CPU
		{14706D95-EDD4-4FCA-8CBE-56773D84EF93}.Release|Any CPU.Build.0 = Release|Any CPU
		{14706D95-EDD4-4FCA-8CBE-56773D84EF93}.Release|x64.ActiveCfg = Release|Any CPU
		{14706D95-EDD4-4FCA-8CBE-56773D84EF93}.Release|x64.Build.0 = Release|Any CPU
		{14706D95-EDD4-4FCA-8CBE-56773D84EF93}.Release|x86.ActiveCfg = Release|Any CPU
		{14706D95-EDD4-4FCA-8CBE-56773D84EF93}.Release|x86.Build.0 = Release|Any CPU
		{8C2FF27D-D314-4818-8A86-F12FFE64360B}.Debug|Any CPU.ActiveCfg = Debug|Any CPU
		{8C2FF27D-D314-4818-8A86-F12FFE64360B}.Debug|Any CPU.Build.0 = Debug|Any CPU
		{8C2FF27D-D314-4818-8A86-F12FFE64360B}.Debug|x64.ActiveCfg = Debug|Any CPU
		{8C2FF27D-D314-4818-8A86-F12FFE64360B}.Debug|x64.Build.0 = Debug|Any CPU
		{8C2FF27D-D314-4818-8A86-F12FFE64360B}.Debug|x86.ActiveCfg = Debug|Any CPU
		{8C2FF27D-D314-4818-8A86-F12FFE64360B}.Debug|x86.Build.0 = Debug|Any CPU
		{8C2FF27D-D314-4818-8A86-F12FFE64360B}.Release|Any CPU.ActiveCfg = Release|Any CPU
		{8C2FF27D-D314-4818-8A86-F12FFE64360B}.Release|Any CPU.Build.0 = Release|Any CPU
		{8C2FF27D-D314-4818-8A86-F12FFE64360B}.Release|x64.ActiveCfg = Release|Any CPU
		{8C2FF27D-D314-4818-8A86-F12FFE64360B}.Release|x64.Build.0 = Release|Any CPU
		{8C2FF27D-D314-4818-8A86-F12FFE64360B}.Release|x86.ActiveCfg = Release|Any CPU
		{8C2FF27D-D314-4818-8A86-F12FFE64360B}.Release|x86.Build.0 = Release|Any CPU
		{88594CE8-7CE6-4721-B81B-C98F4E3EE0C2}.Debug|Any CPU.ActiveCfg = Debug|Any CPU
		{88594CE8-7CE6-4721-B81B-C98F4E3EE0C2}.Debug|Any CPU.Build.0 = Debug|Any CPU
		{88594CE8-7CE6-4721-B81B-C98F4E3EE0C2}.Debug|x64.ActiveCfg = Debug|Any CPU
		{88594CE8-7CE6-4721-B81B-C98F4E3EE0C2}.Debug|x64.Build.0 = Debug|Any CPU
		{88594CE8-7CE6-4721-B81B-C98F4E3EE0C2}.Debug|x86.ActiveCfg = Debug|Any CPU
		{88594CE8-7CE6-4721-B81B-C98F4E3EE0C2}.Debug|x86.Build.0 = Debug|Any CPU
		{88594CE8-7CE6-4721-B81B-C98F4E3EE0C2}.Release|Any CPU.ActiveCfg = Release|Any CPU
		{88594CE8-7CE6-4721-B81B-C98F4E3EE0C2}.Release|Any CPU.Build.0 = Release|Any CPU
		{88594CE8-7CE6-4721-B81B-C98F4E3EE0C2}.Release|x64.ActiveCfg = Release|Any CPU
		{88594CE8-7CE6-4721-B81B-C98F4E3EE0C2}.Release|x64.Build.0 = Release|Any CPU
		{88594CE8-7CE6-4721-B81B-C98F4E3EE0C2}.Release|x86.ActiveCfg = Release|Any CPU
		{88594CE8-7CE6-4721-B81B-C98F4E3EE0C2}.Release|x86.Build.0 = Release|Any CPU
		{B8230010-8726-433C-A857-F44508FE35B1}.Debug|Any CPU.ActiveCfg = Debug|Any CPU
		{B8230010-8726-433C-A857-F44508FE35B1}.Debug|Any CPU.Build.0 = Debug|Any CPU
		{B8230010-8726-433C-A857-F44508FE35B1}.Debug|x64.ActiveCfg = Debug|Any CPU
		{B8230010-8726-433C-A857-F44508FE35B1}.Debug|x64.Build.0 = Debug|Any CPU
		{B8230010-8726-433C-A857-F44508FE35B1}.Debug|x86.ActiveCfg = Debug|Any CPU
		{B8230010-8726-433C-A857-F44508FE35B1}.Debug|x86.Build.0 = Debug|Any CPU
		{B8230010-8726-433C-A857-F44508FE35B1}.Release|Any CPU.ActiveCfg = Release|Any CPU
		{B8230010-8726-433C-A857-F44508FE35B1}.Release|Any CPU.Build.0 = Release|Any CPU
		{B8230010-8726-433C-A857-F44508FE35B1}.Release|x64.ActiveCfg = Release|Any CPU
		{B8230010-8726-433C-A857-F44508FE35B1}.Release|x64.Build.0 = Release|Any CPU
		{B8230010-8726-433C-A857-F44508FE35B1}.Release|x86.ActiveCfg = Release|Any CPU
		{B8230010-8726-433C-A857-F44508FE35B1}.Release|x86.Build.0 = Release|Any CPU
		{4CE12C4C-1AA8-4CB0-B54B-318045B8CA86}.Debug|Any CPU.ActiveCfg = Debug|Any CPU
		{4CE12C4C-1AA8-4CB0-B54B-318045B8CA86}.Debug|Any CPU.Build.0 = Debug|Any CPU
		{4CE12C4C-1AA8-4CB0-B54B-318045B8CA86}.Debug|x64.ActiveCfg = Debug|Any CPU
		{4CE12C4C-1AA8-4CB0-B54B-318045B8CA86}.Debug|x64.Build.0 = Debug|Any CPU
		{4CE12C4C-1AA8-4CB0-B54B-318045B8CA86}.Debug|x86.ActiveCfg = Debug|Any CPU
		{4CE12C4C-1AA8-4CB0-B54B-318045B8CA86}.Debug|x86.Build.0 = Debug|Any CPU
		{4CE12C4C-1AA8-4CB0-B54B-318045B8CA86}.Release|Any CPU.ActiveCfg = Release|Any CPU
		{4CE12C4C-1AA8-4CB0-B54B-318045B8CA86}.Release|Any CPU.Build.0 = Release|Any CPU
		{4CE12C4C-1AA8-4CB0-B54B-318045B8CA86}.Release|x64.ActiveCfg = Release|Any CPU
		{4CE12C4C-1AA8-4CB0-B54B-318045B8CA86}.Release|x64.Build.0 = Release|Any CPU
		{4CE12C4C-1AA8-4CB0-B54B-318045B8CA86}.Release|x86.ActiveCfg = Release|Any CPU
		{4CE12C4C-1AA8-4CB0-B54B-318045B8CA86}.Release|x86.Build.0 = Release|Any CPU
		{22EB8CBA-3A19-47B3-B364-5390CC2F1CA4}.Debug|Any CPU.ActiveCfg = Debug|Any CPU
		{22EB8CBA-3A19-47B3-B364-5390CC2F1CA4}.Debug|Any CPU.Build.0 = Debug|Any CPU
		{22EB8CBA-3A19-47B3-B364-5390CC2F1CA4}.Debug|x64.ActiveCfg = Debug|Any CPU
		{22EB8CBA-3A19-47B3-B364-5390CC2F1CA4}.Debug|x64.Build.0 = Debug|Any CPU
		{22EB8CBA-3A19-47B3-B364-5390CC2F1CA4}.Debug|x86.ActiveCfg = Debug|Any CPU
		{22EB8CBA-3A19-47B3-B364-5390CC2F1CA4}.Debug|x86.Build.0 = Debug|Any CPU
		{22EB8CBA-3A19-47B3-B364-5390CC2F1CA4}.Release|Any CPU.ActiveCfg = Release|Any CPU
		{22EB8CBA-3A19-47B3-B364-5390CC2F1CA4}.Release|Any CPU.Build.0 = Release|Any CPU
		{22EB8CBA-3A19-47B3-B364-5390CC2F1CA4}.Release|x64.ActiveCfg = Release|Any CPU
		{22EB8CBA-3A19-47B3-B364-5390CC2F1CA4}.Release|x64.Build.0 = Release|Any CPU
		{22EB8CBA-3A19-47B3-B364-5390CC2F1CA4}.Release|x86.ActiveCfg = Release|Any CPU
		{22EB8CBA-3A19-47B3-B364-5390CC2F1CA4}.Release|x86.Build.0 = Release|Any CPU
		{72D26483-BCDC-4C77-963C-F6B8810D5DF2}.Debug|Any CPU.ActiveCfg = Debug|Any CPU
		{72D26483-BCDC-4C77-963C-F6B8810D5DF2}.Debug|Any CPU.Build.0 = Debug|Any CPU
		{72D26483-BCDC-4C77-963C-F6B8810D5DF2}.Debug|x64.ActiveCfg = Debug|Any CPU
		{72D26483-BCDC-4C77-963C-F6B8810D5DF2}.Debug|x64.Build.0 = Debug|Any CPU
		{72D26483-BCDC-4C77-963C-F6B8810D5DF2}.Debug|x86.ActiveCfg = Debug|Any CPU
		{72D26483-BCDC-4C77-963C-F6B8810D5DF2}.Debug|x86.Build.0 = Debug|Any CPU
		{72D26483-BCDC-4C77-963C-F6B8810D5DF2}.Release|Any CPU.ActiveCfg = Release|Any CPU
		{72D26483-BCDC-4C77-963C-F6B8810D5DF2}.Release|Any CPU.Build.0 = Release|Any CPU
		{72D26483-BCDC-4C77-963C-F6B8810D5DF2}.Release|x64.ActiveCfg = Release|Any CPU
		{72D26483-BCDC-4C77-963C-F6B8810D5DF2}.Release|x64.Build.0 = Release|Any CPU
		{72D26483-BCDC-4C77-963C-F6B8810D5DF2}.Release|x86.ActiveCfg = Release|Any CPU
		{72D26483-BCDC-4C77-963C-F6B8810D5DF2}.Release|x86.Build.0 = Release|Any CPU
		{985C1667-B80E-491B-BB14-FC38099E125F}.Debug|Any CPU.ActiveCfg = Debug|Any CPU
		{985C1667-B80E-491B-BB14-FC38099E125F}.Debug|Any CPU.Build.0 = Debug|Any CPU
		{985C1667-B80E-491B-BB14-FC38099E125F}.Debug|x64.ActiveCfg = Debug|Any CPU
		{985C1667-B80E-491B-BB14-FC38099E125F}.Debug|x64.Build.0 = Debug|Any CPU
		{985C1667-B80E-491B-BB14-FC38099E125F}.Debug|x86.ActiveCfg = Debug|Any CPU
		{985C1667-B80E-491B-BB14-FC38099E125F}.Debug|x86.Build.0 = Debug|Any CPU
		{985C1667-B80E-491B-BB14-FC38099E125F}.Release|Any CPU.ActiveCfg = Release|Any CPU
		{985C1667-B80E-491B-BB14-FC38099E125F}.Release|Any CPU.Build.0 = Release|Any CPU
		{985C1667-B80E-491B-BB14-FC38099E125F}.Release|x64.ActiveCfg = Release|Any CPU
		{985C1667-B80E-491B-BB14-FC38099E125F}.Release|x64.Build.0 = Release|Any CPU
		{985C1667-B80E-491B-BB14-FC38099E125F}.Release|x86.ActiveCfg = Release|Any CPU
		{985C1667-B80E-491B-BB14-FC38099E125F}.Release|x86.Build.0 = Release|Any CPU
		{9D9951C2-F658-4AC7-9509-186505513CCE}.Debug|Any CPU.ActiveCfg = Debug|Any CPU
		{9D9951C2-F658-4AC7-9509-186505513CCE}.Debug|Any CPU.Build.0 = Debug|Any CPU
		{9D9951C2-F658-4AC7-9509-186505513CCE}.Debug|x64.ActiveCfg = Debug|Any CPU
		{9D9951C2-F658-4AC7-9509-186505513CCE}.Debug|x64.Build.0 = Debug|Any CPU
		{9D9951C2-F658-4AC7-9509-186505513CCE}.Debug|x86.ActiveCfg = Debug|Any CPU
		{9D9951C2-F658-4AC7-9509-186505513CCE}.Debug|x86.Build.0 = Debug|Any CPU
		{9D9951C2-F658-4AC7-9509-186505513CCE}.Release|Any CPU.ActiveCfg = Release|Any CPU
		{9D9951C2-F658-4AC7-9509-186505513CCE}.Release|Any CPU.Build.0 = Release|Any CPU
		{9D9951C2-F658-4AC7-9509-186505513CCE}.Release|x64.ActiveCfg = Release|Any CPU
		{9D9951C2-F658-4AC7-9509-186505513CCE}.Release|x64.Build.0 = Release|Any CPU
		{9D9951C2-F658-4AC7-9509-186505513CCE}.Release|x86.ActiveCfg = Release|Any CPU
		{9D9951C2-F658-4AC7-9509-186505513CCE}.Release|x86.Build.0 = Release|Any CPU
		{41706BE4-87D6-4FAF-9FD6-240FA896F661}.Debug|Any CPU.ActiveCfg = Debug|Any CPU
		{41706BE4-87D6-4FAF-9FD6-240FA896F661}.Debug|Any CPU.Build.0 = Debug|Any CPU
		{41706BE4-87D6-4FAF-9FD6-240FA896F661}.Debug|x64.ActiveCfg = Debug|Any CPU
		{41706BE4-87D6-4FAF-9FD6-240FA896F661}.Debug|x64.Build.0 = Debug|Any CPU
		{41706BE4-87D6-4FAF-9FD6-240FA896F661}.Debug|x86.ActiveCfg = Debug|Any CPU
		{41706BE4-87D6-4FAF-9FD6-240FA896F661}.Debug|x86.Build.0 = Debug|Any CPU
		{41706BE4-87D6-4FAF-9FD6-240FA896F661}.Release|Any CPU.ActiveCfg = Release|Any CPU
		{41706BE4-87D6-4FAF-9FD6-240FA896F661}.Release|Any CPU.Build.0 = Release|Any CPU
		{41706BE4-87D6-4FAF-9FD6-240FA896F661}.Release|x64.ActiveCfg = Release|Any CPU
		{41706BE4-87D6-4FAF-9FD6-240FA896F661}.Release|x64.Build.0 = Release|Any CPU
		{41706BE4-87D6-4FAF-9FD6-240FA896F661}.Release|x86.ActiveCfg = Release|Any CPU
		{41706BE4-87D6-4FAF-9FD6-240FA896F661}.Release|x86.Build.0 = Release|Any CPU
		{77441F97-1125-44F1-866C-793E198C0CDF}.Debug|Any CPU.ActiveCfg = Debug|Any CPU
		{77441F97-1125-44F1-866C-793E198C0CDF}.Debug|Any CPU.Build.0 = Debug|Any CPU
		{77441F97-1125-44F1-866C-793E198C0CDF}.Debug|x64.ActiveCfg = Debug|Any CPU
		{77441F97-1125-44F1-866C-793E198C0CDF}.Debug|x64.Build.0 = Debug|Any CPU
		{77441F97-1125-44F1-866C-793E198C0CDF}.Debug|x86.ActiveCfg = Debug|Any CPU
		{77441F97-1125-44F1-866C-793E198C0CDF}.Debug|x86.Build.0 = Debug|Any CPU
		{77441F97-1125-44F1-866C-793E198C0CDF}.Release|Any CPU.ActiveCfg = Release|Any CPU
		{77441F97-1125-44F1-866C-793E198C0CDF}.Release|Any CPU.Build.0 = Release|Any CPU
		{77441F97-1125-44F1-866C-793E198C0CDF}.Release|x64.ActiveCfg = Release|Any CPU
		{77441F97-1125-44F1-866C-793E198C0CDF}.Release|x64.Build.0 = Release|Any CPU
		{77441F97-1125-44F1-866C-793E198C0CDF}.Release|x86.ActiveCfg = Release|Any CPU
		{77441F97-1125-44F1-866C-793E198C0CDF}.Release|x86.Build.0 = Release|Any CPU
		{A2CBE92F-B049-41FE-8AA7-BF98DEB2966D}.Debug|Any CPU.ActiveCfg = Debug|Any CPU
		{A2CBE92F-B049-41FE-8AA7-BF98DEB2966D}.Debug|Any CPU.Build.0 = Debug|Any CPU
		{A2CBE92F-B049-41FE-8AA7-BF98DEB2966D}.Debug|x64.ActiveCfg = Debug|Any CPU
		{A2CBE92F-B049-41FE-8AA7-BF98DEB2966D}.Debug|x64.Build.0 = Debug|Any CPU
		{A2CBE92F-B049-41FE-8AA7-BF98DEB2966D}.Debug|x86.ActiveCfg = Debug|Any CPU
		{A2CBE92F-B049-41FE-8AA7-BF98DEB2966D}.Debug|x86.Build.0 = Debug|Any CPU
		{A2CBE92F-B049-41FE-8AA7-BF98DEB2966D}.Release|Any CPU.ActiveCfg = Release|Any CPU
		{A2CBE92F-B049-41FE-8AA7-BF98DEB2966D}.Release|Any CPU.Build.0 = Release|Any CPU
		{A2CBE92F-B049-41FE-8AA7-BF98DEB2966D}.Release|x64.ActiveCfg = Release|Any CPU
		{A2CBE92F-B049-41FE-8AA7-BF98DEB2966D}.Release|x64.Build.0 = Release|Any CPU
		{A2CBE92F-B049-41FE-8AA7-BF98DEB2966D}.Release|x86.ActiveCfg = Release|Any CPU
		{A2CBE92F-B049-41FE-8AA7-BF98DEB2966D}.Release|x86.Build.0 = Release|Any CPU
		{81B3CC1A-4823-43BC-9863-FDF1F7786313}.Debug|Any CPU.ActiveCfg = Debug|Any CPU
		{81B3CC1A-4823-43BC-9863-FDF1F7786313}.Debug|Any CPU.Build.0 = Debug|Any CPU
		{81B3CC1A-4823-43BC-9863-FDF1F7786313}.Debug|x64.ActiveCfg = Debug|Any CPU
		{81B3CC1A-4823-43BC-9863-FDF1F7786313}.Debug|x64.Build.0 = Debug|Any CPU
		{81B3CC1A-4823-43BC-9863-FDF1F7786313}.Debug|x86.ActiveCfg = Debug|Any CPU
		{81B3CC1A-4823-43BC-9863-FDF1F7786313}.Debug|x86.Build.0 = Debug|Any CPU
		{81B3CC1A-4823-43BC-9863-FDF1F7786313}.Release|Any CPU.ActiveCfg = Release|Any CPU
		{81B3CC1A-4823-43BC-9863-FDF1F7786313}.Release|Any CPU.Build.0 = Release|Any CPU
		{81B3CC1A-4823-43BC-9863-FDF1F7786313}.Release|x64.ActiveCfg = Release|Any CPU
		{81B3CC1A-4823-43BC-9863-FDF1F7786313}.Release|x64.Build.0 = Release|Any CPU
		{81B3CC1A-4823-43BC-9863-FDF1F7786313}.Release|x86.ActiveCfg = Release|Any CPU
		{81B3CC1A-4823-43BC-9863-FDF1F7786313}.Release|x86.Build.0 = Release|Any CPU
		{20C8A8A8-8993-4957-949E-90213D093EB6}.Debug|Any CPU.ActiveCfg = Debug|Any CPU
		{20C8A8A8-8993-4957-949E-90213D093EB6}.Debug|Any CPU.Build.0 = Debug|Any CPU
		{20C8A8A8-8993-4957-949E-90213D093EB6}.Debug|x64.ActiveCfg = Debug|Any CPU
		{20C8A8A8-8993-4957-949E-90213D093EB6}.Debug|x64.Build.0 = Debug|Any CPU
		{20C8A8A8-8993-4957-949E-90213D093EB6}.Debug|x86.ActiveCfg = Debug|Any CPU
		{20C8A8A8-8993-4957-949E-90213D093EB6}.Debug|x86.Build.0 = Debug|Any CPU
		{20C8A8A8-8993-4957-949E-90213D093EB6}.Release|Any CPU.ActiveCfg = Release|Any CPU
		{20C8A8A8-8993-4957-949E-90213D093EB6}.Release|Any CPU.Build.0 = Release|Any CPU
		{20C8A8A8-8993-4957-949E-90213D093EB6}.Release|x64.ActiveCfg = Release|Any CPU
		{20C8A8A8-8993-4957-949E-90213D093EB6}.Release|x64.Build.0 = Release|Any CPU
		{20C8A8A8-8993-4957-949E-90213D093EB6}.Release|x86.ActiveCfg = Release|Any CPU
		{20C8A8A8-8993-4957-949E-90213D093EB6}.Release|x86.Build.0 = Release|Any CPU
		{DB41D438-2990-4B07-AA3F-FD468593DE00}.Debug|Any CPU.ActiveCfg = Debug|Any CPU
		{DB41D438-2990-4B07-AA3F-FD468593DE00}.Debug|Any CPU.Build.0 = Debug|Any CPU
		{DB41D438-2990-4B07-AA3F-FD468593DE00}.Debug|x64.ActiveCfg = Debug|Any CPU
		{DB41D438-2990-4B07-AA3F-FD468593DE00}.Debug|x64.Build.0 = Debug|Any CPU
		{DB41D438-2990-4B07-AA3F-FD468593DE00}.Debug|x86.ActiveCfg = Debug|Any CPU
		{DB41D438-2990-4B07-AA3F-FD468593DE00}.Debug|x86.Build.0 = Debug|Any CPU
		{DB41D438-2990-4B07-AA3F-FD468593DE00}.Release|Any CPU.ActiveCfg = Release|Any CPU
		{DB41D438-2990-4B07-AA3F-FD468593DE00}.Release|Any CPU.Build.0 = Release|Any CPU
		{DB41D438-2990-4B07-AA3F-FD468593DE00}.Release|x64.ActiveCfg = Release|Any CPU
		{DB41D438-2990-4B07-AA3F-FD468593DE00}.Release|x64.Build.0 = Release|Any CPU
		{DB41D438-2990-4B07-AA3F-FD468593DE00}.Release|x86.ActiveCfg = Release|Any CPU
		{DB41D438-2990-4B07-AA3F-FD468593DE00}.Release|x86.Build.0 = Release|Any CPU
		{5AA1FD1B-CFE4-43E1-AC92-AFE2BBB1E6C2}.Debug|Any CPU.ActiveCfg = Debug|Any CPU
		{5AA1FD1B-CFE4-43E1-AC92-AFE2BBB1E6C2}.Debug|Any CPU.Build.0 = Debug|Any CPU
		{5AA1FD1B-CFE4-43E1-AC92-AFE2BBB1E6C2}.Debug|x64.ActiveCfg = Debug|Any CPU
		{5AA1FD1B-CFE4-43E1-AC92-AFE2BBB1E6C2}.Debug|x64.Build.0 = Debug|Any CPU
		{5AA1FD1B-CFE4-43E1-AC92-AFE2BBB1E6C2}.Debug|x86.ActiveCfg = Debug|Any CPU
		{5AA1FD1B-CFE4-43E1-AC92-AFE2BBB1E6C2}.Debug|x86.Build.0 = Debug|Any CPU
		{5AA1FD1B-CFE4-43E1-AC92-AFE2BBB1E6C2}.Release|Any CPU.ActiveCfg = Release|Any CPU
		{5AA1FD1B-CFE4-43E1-AC92-AFE2BBB1E6C2}.Release|Any CPU.Build.0 = Release|Any CPU
		{5AA1FD1B-CFE4-43E1-AC92-AFE2BBB1E6C2}.Release|x64.ActiveCfg = Release|Any CPU
		{5AA1FD1B-CFE4-43E1-AC92-AFE2BBB1E6C2}.Release|x64.Build.0 = Release|Any CPU
		{5AA1FD1B-CFE4-43E1-AC92-AFE2BBB1E6C2}.Release|x86.ActiveCfg = Release|Any CPU
		{5AA1FD1B-CFE4-43E1-AC92-AFE2BBB1E6C2}.Release|x86.Build.0 = Release|Any CPU
		{326278CF-45EE-4924-85AE-A4D1893E4717}.Debug|Any CPU.ActiveCfg = Debug|Any CPU
		{326278CF-45EE-4924-85AE-A4D1893E4717}.Debug|Any CPU.Build.0 = Debug|Any CPU
		{326278CF-45EE-4924-85AE-A4D1893E4717}.Debug|x64.ActiveCfg = Debug|Any CPU
		{326278CF-45EE-4924-85AE-A4D1893E4717}.Debug|x64.Build.0 = Debug|Any CPU
		{326278CF-45EE-4924-85AE-A4D1893E4717}.Debug|x86.ActiveCfg = Debug|Any CPU
		{326278CF-45EE-4924-85AE-A4D1893E4717}.Debug|x86.Build.0 = Debug|Any CPU
		{326278CF-45EE-4924-85AE-A4D1893E4717}.Release|Any CPU.ActiveCfg = Release|Any CPU
		{326278CF-45EE-4924-85AE-A4D1893E4717}.Release|Any CPU.Build.0 = Release|Any CPU
		{326278CF-45EE-4924-85AE-A4D1893E4717}.Release|x64.ActiveCfg = Release|Any CPU
		{326278CF-45EE-4924-85AE-A4D1893E4717}.Release|x64.Build.0 = Release|Any CPU
		{326278CF-45EE-4924-85AE-A4D1893E4717}.Release|x86.ActiveCfg = Release|Any CPU
		{326278CF-45EE-4924-85AE-A4D1893E4717}.Release|x86.Build.0 = Release|Any CPU
		{47AFFEF0-BEA2-4546-9C8E-F337D79C4E60}.Debug|Any CPU.ActiveCfg = Debug|Any CPU
		{47AFFEF0-BEA2-4546-9C8E-F337D79C4E60}.Debug|Any CPU.Build.0 = Debug|Any CPU
		{47AFFEF0-BEA2-4546-9C8E-F337D79C4E60}.Debug|x64.ActiveCfg = Debug|Any CPU
		{47AFFEF0-BEA2-4546-9C8E-F337D79C4E60}.Debug|x64.Build.0 = Debug|Any CPU
		{47AFFEF0-BEA2-4546-9C8E-F337D79C4E60}.Debug|x86.ActiveCfg = Debug|Any CPU
		{47AFFEF0-BEA2-4546-9C8E-F337D79C4E60}.Debug|x86.Build.0 = Debug|Any CPU
		{47AFFEF0-BEA2-4546-9C8E-F337D79C4E60}.Release|Any CPU.ActiveCfg = Release|Any CPU
		{47AFFEF0-BEA2-4546-9C8E-F337D79C4E60}.Release|Any CPU.Build.0 = Release|Any CPU
		{47AFFEF0-BEA2-4546-9C8E-F337D79C4E60}.Release|x64.ActiveCfg = Release|Any CPU
		{47AFFEF0-BEA2-4546-9C8E-F337D79C4E60}.Release|x64.Build.0 = Release|Any CPU
		{47AFFEF0-BEA2-4546-9C8E-F337D79C4E60}.Release|x86.ActiveCfg = Release|Any CPU
		{47AFFEF0-BEA2-4546-9C8E-F337D79C4E60}.Release|x86.Build.0 = Release|Any CPU
		{6AB5F43E-D8AF-410A-AA86-029541F24205}.Debug|Any CPU.ActiveCfg = Debug|Any CPU
		{6AB5F43E-D8AF-410A-AA86-029541F24205}.Debug|Any CPU.Build.0 = Debug|Any CPU
		{6AB5F43E-D8AF-410A-AA86-029541F24205}.Debug|x64.ActiveCfg = Debug|Any CPU
		{6AB5F43E-D8AF-410A-AA86-029541F24205}.Debug|x64.Build.0 = Debug|Any CPU
		{6AB5F43E-D8AF-410A-AA86-029541F24205}.Debug|x86.ActiveCfg = Debug|Any CPU
		{6AB5F43E-D8AF-410A-AA86-029541F24205}.Debug|x86.Build.0 = Debug|Any CPU
		{6AB5F43E-D8AF-410A-AA86-029541F24205}.Release|Any CPU.ActiveCfg = Release|Any CPU
		{6AB5F43E-D8AF-410A-AA86-029541F24205}.Release|Any CPU.Build.0 = Release|Any CPU
		{6AB5F43E-D8AF-410A-AA86-029541F24205}.Release|x64.ActiveCfg = Release|Any CPU
		{6AB5F43E-D8AF-410A-AA86-029541F24205}.Release|x64.Build.0 = Release|Any CPU
		{6AB5F43E-D8AF-410A-AA86-029541F24205}.Release|x86.ActiveCfg = Release|Any CPU
		{6AB5F43E-D8AF-410A-AA86-029541F24205}.Release|x86.Build.0 = Release|Any CPU
		{1E245AD7-ABF9-4F50-A517-D57BA358D781}.Debug|Any CPU.ActiveCfg = Debug|Any CPU
		{1E245AD7-ABF9-4F50-A517-D57BA358D781}.Debug|Any CPU.Build.0 = Debug|Any CPU
		{1E245AD7-ABF9-4F50-A517-D57BA358D781}.Debug|x64.ActiveCfg = Debug|Any CPU
		{1E245AD7-ABF9-4F50-A517-D57BA358D781}.Debug|x64.Build.0 = Debug|Any CPU
		{1E245AD7-ABF9-4F50-A517-D57BA358D781}.Debug|x86.ActiveCfg = Debug|Any CPU
		{1E245AD7-ABF9-4F50-A517-D57BA358D781}.Debug|x86.Build.0 = Debug|Any CPU
		{1E245AD7-ABF9-4F50-A517-D57BA358D781}.Release|Any CPU.ActiveCfg = Release|Any CPU
		{1E245AD7-ABF9-4F50-A517-D57BA358D781}.Release|Any CPU.Build.0 = Release|Any CPU
		{1E245AD7-ABF9-4F50-A517-D57BA358D781}.Release|x64.ActiveCfg = Release|Any CPU
		{1E245AD7-ABF9-4F50-A517-D57BA358D781}.Release|x64.Build.0 = Release|Any CPU
		{1E245AD7-ABF9-4F50-A517-D57BA358D781}.Release|x86.ActiveCfg = Release|Any CPU
		{1E245AD7-ABF9-4F50-A517-D57BA358D781}.Release|x86.Build.0 = Release|Any CPU
		{A8C7B9A4-0959-41F2-AB16-E46CACDBF8F7}.Debug|Any CPU.ActiveCfg = Debug|Any CPU
		{A8C7B9A4-0959-41F2-AB16-E46CACDBF8F7}.Debug|Any CPU.Build.0 = Debug|Any CPU
		{A8C7B9A4-0959-41F2-AB16-E46CACDBF8F7}.Debug|x64.ActiveCfg = Debug|Any CPU
		{A8C7B9A4-0959-41F2-AB16-E46CACDBF8F7}.Debug|x64.Build.0 = Debug|Any CPU
		{A8C7B9A4-0959-41F2-AB16-E46CACDBF8F7}.Debug|x86.ActiveCfg = Debug|Any CPU
		{A8C7B9A4-0959-41F2-AB16-E46CACDBF8F7}.Debug|x86.Build.0 = Debug|Any CPU
		{A8C7B9A4-0959-41F2-AB16-E46CACDBF8F7}.Release|Any CPU.ActiveCfg = Release|Any CPU
		{A8C7B9A4-0959-41F2-AB16-E46CACDBF8F7}.Release|Any CPU.Build.0 = Release|Any CPU
		{A8C7B9A4-0959-41F2-AB16-E46CACDBF8F7}.Release|x64.ActiveCfg = Release|Any CPU
		{A8C7B9A4-0959-41F2-AB16-E46CACDBF8F7}.Release|x64.Build.0 = Release|Any CPU
		{A8C7B9A4-0959-41F2-AB16-E46CACDBF8F7}.Release|x86.ActiveCfg = Release|Any CPU
		{A8C7B9A4-0959-41F2-AB16-E46CACDBF8F7}.Release|x86.Build.0 = Release|Any CPU
		{09F82AC9-D3AF-4254-96AF-468CE3D3A3B6}.Debug|Any CPU.ActiveCfg = Debug|Any CPU
		{09F82AC9-D3AF-4254-96AF-468CE3D3A3B6}.Debug|Any CPU.Build.0 = Debug|Any CPU
		{09F82AC9-D3AF-4254-96AF-468CE3D3A3B6}.Debug|x64.ActiveCfg = Debug|Any CPU
		{09F82AC9-D3AF-4254-96AF-468CE3D3A3B6}.Debug|x64.Build.0 = Debug|Any CPU
		{09F82AC9-D3AF-4254-96AF-468CE3D3A3B6}.Debug|x86.ActiveCfg = Debug|Any CPU
		{09F82AC9-D3AF-4254-96AF-468CE3D3A3B6}.Debug|x86.Build.0 = Debug|Any CPU
		{09F82AC9-D3AF-4254-96AF-468CE3D3A3B6}.Release|Any CPU.ActiveCfg = Release|Any CPU
		{09F82AC9-D3AF-4254-96AF-468CE3D3A3B6}.Release|Any CPU.Build.0 = Release|Any CPU
		{09F82AC9-D3AF-4254-96AF-468CE3D3A3B6}.Release|x64.ActiveCfg = Release|Any CPU
		{09F82AC9-D3AF-4254-96AF-468CE3D3A3B6}.Release|x64.Build.0 = Release|Any CPU
		{09F82AC9-D3AF-4254-96AF-468CE3D3A3B6}.Release|x86.ActiveCfg = Release|Any CPU
		{09F82AC9-D3AF-4254-96AF-468CE3D3A3B6}.Release|x86.Build.0 = Release|Any CPU
		{80AC41BD-5155-40B1-AE8F-CAC9B37590C7}.Debug|Any CPU.ActiveCfg = Debug|Any CPU
		{80AC41BD-5155-40B1-AE8F-CAC9B37590C7}.Debug|Any CPU.Build.0 = Debug|Any CPU
		{80AC41BD-5155-40B1-AE8F-CAC9B37590C7}.Debug|x64.ActiveCfg = Debug|Any CPU
		{80AC41BD-5155-40B1-AE8F-CAC9B37590C7}.Debug|x64.Build.0 = Debug|Any CPU
		{80AC41BD-5155-40B1-AE8F-CAC9B37590C7}.Debug|x86.ActiveCfg = Debug|Any CPU
		{80AC41BD-5155-40B1-AE8F-CAC9B37590C7}.Debug|x86.Build.0 = Debug|Any CPU
		{80AC41BD-5155-40B1-AE8F-CAC9B37590C7}.Release|Any CPU.ActiveCfg = Release|Any CPU
		{80AC41BD-5155-40B1-AE8F-CAC9B37590C7}.Release|Any CPU.Build.0 = Release|Any CPU
		{80AC41BD-5155-40B1-AE8F-CAC9B37590C7}.Release|x64.ActiveCfg = Release|Any CPU
		{80AC41BD-5155-40B1-AE8F-CAC9B37590C7}.Release|x64.Build.0 = Release|Any CPU
		{80AC41BD-5155-40B1-AE8F-CAC9B37590C7}.Release|x86.ActiveCfg = Release|Any CPU
		{80AC41BD-5155-40B1-AE8F-CAC9B37590C7}.Release|x86.Build.0 = Release|Any CPU
		{D773396E-7C3C-424C-9FF6-4AC4107EE824}.Debug|Any CPU.ActiveCfg = Debug|Any CPU
		{D773396E-7C3C-424C-9FF6-4AC4107EE824}.Debug|Any CPU.Build.0 = Debug|Any CPU
		{D773396E-7C3C-424C-9FF6-4AC4107EE824}.Debug|x64.ActiveCfg = Debug|Any CPU
		{D773396E-7C3C-424C-9FF6-4AC4107EE824}.Debug|x64.Build.0 = Debug|Any CPU
		{D773396E-7C3C-424C-9FF6-4AC4107EE824}.Debug|x86.ActiveCfg = Debug|Any CPU
		{D773396E-7C3C-424C-9FF6-4AC4107EE824}.Debug|x86.Build.0 = Debug|Any CPU
		{D773396E-7C3C-424C-9FF6-4AC4107EE824}.Release|Any CPU.ActiveCfg = Release|Any CPU
		{D773396E-7C3C-424C-9FF6-4AC4107EE824}.Release|Any CPU.Build.0 = Release|Any CPU
		{D773396E-7C3C-424C-9FF6-4AC4107EE824}.Release|x64.ActiveCfg = Release|Any CPU
		{D773396E-7C3C-424C-9FF6-4AC4107EE824}.Release|x64.Build.0 = Release|Any CPU
		{D773396E-7C3C-424C-9FF6-4AC4107EE824}.Release|x86.ActiveCfg = Release|Any CPU
		{D773396E-7C3C-424C-9FF6-4AC4107EE824}.Release|x86.Build.0 = Release|Any CPU
		{500DA4F3-6013-467C-98D8-BCF8EFC56678}.Debug|Any CPU.ActiveCfg = Debug|Any CPU
		{500DA4F3-6013-467C-98D8-BCF8EFC56678}.Debug|Any CPU.Build.0 = Debug|Any CPU
		{500DA4F3-6013-467C-98D8-BCF8EFC56678}.Debug|x64.ActiveCfg = Debug|Any CPU
		{500DA4F3-6013-467C-98D8-BCF8EFC56678}.Debug|x64.Build.0 = Debug|Any CPU
		{500DA4F3-6013-467C-98D8-BCF8EFC56678}.Debug|x86.ActiveCfg = Debug|Any CPU
		{500DA4F3-6013-467C-98D8-BCF8EFC56678}.Debug|x86.Build.0 = Debug|Any CPU
		{500DA4F3-6013-467C-98D8-BCF8EFC56678}.Release|Any CPU.ActiveCfg = Release|Any CPU
		{500DA4F3-6013-467C-98D8-BCF8EFC56678}.Release|Any CPU.Build.0 = Release|Any CPU
		{500DA4F3-6013-467C-98D8-BCF8EFC56678}.Release|x64.ActiveCfg = Release|Any CPU
		{500DA4F3-6013-467C-98D8-BCF8EFC56678}.Release|x64.Build.0 = Release|Any CPU
		{500DA4F3-6013-467C-98D8-BCF8EFC56678}.Release|x86.ActiveCfg = Release|Any CPU
		{500DA4F3-6013-467C-98D8-BCF8EFC56678}.Release|x86.Build.0 = Release|Any CPU
		{0851692E-9DF6-4AD1-80B4-D7B6427C6A33}.Debug|Any CPU.ActiveCfg = Debug|Any CPU
		{0851692E-9DF6-4AD1-80B4-D7B6427C6A33}.Debug|Any CPU.Build.0 = Debug|Any CPU
		{0851692E-9DF6-4AD1-80B4-D7B6427C6A33}.Debug|x64.ActiveCfg = Debug|Any CPU
		{0851692E-9DF6-4AD1-80B4-D7B6427C6A33}.Debug|x64.Build.0 = Debug|Any CPU
		{0851692E-9DF6-4AD1-80B4-D7B6427C6A33}.Debug|x86.ActiveCfg = Debug|Any CPU
		{0851692E-9DF6-4AD1-80B4-D7B6427C6A33}.Debug|x86.Build.0 = Debug|Any CPU
		{0851692E-9DF6-4AD1-80B4-D7B6427C6A33}.Release|Any CPU.ActiveCfg = Release|Any CPU
		{0851692E-9DF6-4AD1-80B4-D7B6427C6A33}.Release|Any CPU.Build.0 = Release|Any CPU
		{0851692E-9DF6-4AD1-80B4-D7B6427C6A33}.Release|x64.ActiveCfg = Release|Any CPU
		{0851692E-9DF6-4AD1-80B4-D7B6427C6A33}.Release|x64.Build.0 = Release|Any CPU
		{0851692E-9DF6-4AD1-80B4-D7B6427C6A33}.Release|x86.ActiveCfg = Release|Any CPU
		{0851692E-9DF6-4AD1-80B4-D7B6427C6A33}.Release|x86.Build.0 = Release|Any CPU
		{924AEDD0-BA1D-419A-AB89-709A19B4A8F7}.Debug|Any CPU.ActiveCfg = Debug|Any CPU
		{924AEDD0-BA1D-419A-AB89-709A19B4A8F7}.Debug|Any CPU.Build.0 = Debug|Any CPU
		{924AEDD0-BA1D-419A-AB89-709A19B4A8F7}.Debug|x64.ActiveCfg = Debug|Any CPU
		{924AEDD0-BA1D-419A-AB89-709A19B4A8F7}.Debug|x64.Build.0 = Debug|Any CPU
		{924AEDD0-BA1D-419A-AB89-709A19B4A8F7}.Debug|x86.ActiveCfg = Debug|Any CPU
		{924AEDD0-BA1D-419A-AB89-709A19B4A8F7}.Debug|x86.Build.0 = Debug|Any CPU
		{924AEDD0-BA1D-419A-AB89-709A19B4A8F7}.Release|Any CPU.ActiveCfg = Release|Any CPU
		{924AEDD0-BA1D-419A-AB89-709A19B4A8F7}.Release|Any CPU.Build.0 = Release|Any CPU
		{924AEDD0-BA1D-419A-AB89-709A19B4A8F7}.Release|x64.ActiveCfg = Release|Any CPU
		{924AEDD0-BA1D-419A-AB89-709A19B4A8F7}.Release|x64.Build.0 = Release|Any CPU
		{924AEDD0-BA1D-419A-AB89-709A19B4A8F7}.Release|x86.ActiveCfg = Release|Any CPU
		{924AEDD0-BA1D-419A-AB89-709A19B4A8F7}.Release|x86.Build.0 = Release|Any CPU
		{E59A6476-A35B-4173-94F9-CB2668C7C062}.Debug|Any CPU.ActiveCfg = Debug|Any CPU
		{E59A6476-A35B-4173-94F9-CB2668C7C062}.Debug|Any CPU.Build.0 = Debug|Any CPU
		{E59A6476-A35B-4173-94F9-CB2668C7C062}.Debug|x64.ActiveCfg = Debug|Any CPU
		{E59A6476-A35B-4173-94F9-CB2668C7C062}.Debug|x64.Build.0 = Debug|Any CPU
		{E59A6476-A35B-4173-94F9-CB2668C7C062}.Debug|x86.ActiveCfg = Debug|Any CPU
		{E59A6476-A35B-4173-94F9-CB2668C7C062}.Debug|x86.Build.0 = Debug|Any CPU
		{E59A6476-A35B-4173-94F9-CB2668C7C062}.Release|Any CPU.ActiveCfg = Release|Any CPU
		{E59A6476-A35B-4173-94F9-CB2668C7C062}.Release|Any CPU.Build.0 = Release|Any CPU
		{E59A6476-A35B-4173-94F9-CB2668C7C062}.Release|x64.ActiveCfg = Release|Any CPU
		{E59A6476-A35B-4173-94F9-CB2668C7C062}.Release|x64.Build.0 = Release|Any CPU
		{E59A6476-A35B-4173-94F9-CB2668C7C062}.Release|x86.ActiveCfg = Release|Any CPU
		{E59A6476-A35B-4173-94F9-CB2668C7C062}.Release|x86.Build.0 = Release|Any CPU
	EndGlobalSection
	GlobalSection(SolutionProperties) = preSolution
		HideSolutionNode = FALSE
	EndGlobalSection
	GlobalSection(ExtensibilityGlobals) = postSolution
		SolutionGuid = {967EB791-B520-46FB-8AD7-4F5523C8B7A8}
	EndGlobalSection
EndGlobal
